***REMOVED*** !$*UTF8*$!
{
	archiveVersion = 1;
	classes = {
	***REMOVED***;
	objectVersion = 77;
	objects = {

/* Begin PBXBuildFile section */
		75022F962A7AC9A0000ED7B7 /* FormViewTests.swift in Sources */ = {isa = PBXBuildFile; fileRef = 75022F952A7AC9A0000ED7B7 /* FormViewTests.swift */; ***REMOVED***;
		75384C112B2D1BD800D97E6C /* BookmarksTestCase5View.swift in Sources */ = {isa = PBXBuildFile; fileRef = 75384C102B2D1BD800D97E6C /* BookmarksTestCase5View.swift */; ***REMOVED***;
		7552A7542A573CBB0023DA5A /* TestRunnerApp.swift in Sources */ = {isa = PBXBuildFile; fileRef = 7552A7532A573CBB0023DA5A /* TestRunnerApp.swift */; ***REMOVED***;
		7552A7562A573CBB0023DA5A /* Tests.swift in Sources */ = {isa = PBXBuildFile; fileRef = 7552A7552A573CBB0023DA5A /* Tests.swift */; ***REMOVED***;
		7552A7582A573CBD0023DA5A /* Assets.xcassets in Resources */ = {isa = PBXBuildFile; fileRef = 7552A7572A573CBD0023DA5A /* Assets.xcassets */; ***REMOVED***;
		7552A75B2A573CBD0023DA5A /* Preview Assets.xcassets in Resources */ = {isa = PBXBuildFile; fileRef = 7552A75A2A573CBD0023DA5A /* Preview Assets.xcassets */; ***REMOVED***;
		7552A7622A573D810023DA5A /* BookmarksTestCase1View.swift in Sources */ = {isa = PBXBuildFile; fileRef = 7552A7612A573D810023DA5A /* BookmarksTestCase1View.swift */; ***REMOVED***;
		7552A76C2A573DFB0023DA5A /* BookmarksTests.swift in Sources */ = {isa = PBXBuildFile; fileRef = 7552A76B2A573DFB0023DA5A /* BookmarksTests.swift */; ***REMOVED***;
		7552A7762A573E900023DA5A /* ArcGISToolkit in Frameworks */ = {isa = PBXBuildFile; productRef = 7552A7752A573E900023DA5A /* ArcGISToolkit */; ***REMOVED***;
		7584B7552B1A79DD00772AB7 /* BookmarksTestViews.swift in Sources */ = {isa = PBXBuildFile; fileRef = 7584B7542B1A79DD00772AB7 /* BookmarksTestViews.swift */; ***REMOVED***;
		7584B7572B1A7AF100772AB7 /* BookmarksTestCase2View.swift in Sources */ = {isa = PBXBuildFile; fileRef = 7584B7562B1A7AF100772AB7 /* BookmarksTestCase2View.swift */; ***REMOVED***;
		7584B7592B1A817A00772AB7 /* BookmarksTestCase3View.swift in Sources */ = {isa = PBXBuildFile; fileRef = 7584B7582B1A817A00772AB7 /* BookmarksTestCase3View.swift */; ***REMOVED***;
		7584B75B2B1A824300772AB7 /* BookmarksTestCase4View.swift in Sources */ = {isa = PBXBuildFile; fileRef = 7584B75A2B1A824300772AB7 /* BookmarksTestCase4View.swift */; ***REMOVED***;
		75B236692A5CB49B00AEFACE /* BasemapGalleryTestView.swift in Sources */ = {isa = PBXBuildFile; fileRef = 75B236682A5CB49B00AEFACE /* BasemapGalleryTestView.swift */; ***REMOVED***;
		75B2366B2A5CB8CE00AEFACE /* BasemapGalleryTests.swift in Sources */ = {isa = PBXBuildFile; fileRef = 75B2366A2A5CB8CE00AEFACE /* BasemapGalleryTests.swift */; ***REMOVED***;
		75B2366D2A5CC78C00AEFACE /* FloorFilterTestView.swift in Sources */ = {isa = PBXBuildFile; fileRef = 75B2366C2A5CC78C00AEFACE /* FloorFilterTestView.swift */; ***REMOVED***;
		75B2366F2A5CCADC00AEFACE /* FloorFilterTests.swift in Sources */ = {isa = PBXBuildFile; fileRef = 75B2366E2A5CCADC00AEFACE /* FloorFilterTests.swift */; ***REMOVED***;
		8A1138132BC7407D007E0BFB /* BookmarksTestCase6View.swift in Sources */ = {isa = PBXBuildFile; fileRef = 8A1138122BC7407D007E0BFB /* BookmarksTestCase6View.swift */; ***REMOVED***;
		8A1562F52B86896300000DD6 /* UI Tests.xctestplan in Resources */ = {isa = PBXBuildFile; fileRef = 8A1562F42B86896300000DD6 /* UI Tests.xctestplan */; ***REMOVED***;
		8A1562F72B86896C00000DD6 /* Unit Tests.xctestplan in Resources */ = {isa = PBXBuildFile; fileRef = 8A1562F62B86896C00000DD6 /* Unit Tests.xctestplan */; ***REMOVED***;
		8A9845752C3F43EB001CCE22 /* AttachmentCameraControllerTests.swift in Sources */ = {isa = PBXBuildFile; fileRef = 8A9845742C3F43EB001CCE22 /* AttachmentCameraControllerTests.swift */; ***REMOVED***;
		8A9845772C3F444B001CCE22 /* AttachmentCameraControllerTestView.swift in Sources */ = {isa = PBXBuildFile; fileRef = 8A9845762C3F4447001CCE22 /* AttachmentCameraControllerTestView.swift */; ***REMOVED***;
		8A9F898F2B5B4F0A0027215E /* FeatureFormTestView.swift in Sources */ = {isa = PBXBuildFile; fileRef = 8A9F898E2B5B4F0A0027215E /* FeatureFormTestView.swift */; ***REMOVED***;
		8AEE70482BEEC0B400C9949C /* RepresentedUITextViewTests.swift in Sources */ = {isa = PBXBuildFile; fileRef = 8AEE70472BEEC0B400C9949C /* RepresentedUITextViewTests.swift */; ***REMOVED***;
		8AEE704A2BEEC18000C9949C /* RepresentedUITextViewTestView.swift in Sources */ = {isa = PBXBuildFile; fileRef = 8AEE70492BEEC18000C9949C /* RepresentedUITextViewTestView.swift */; ***REMOVED***;
/* End PBXBuildFile section */

/* Begin PBXContainerItemProxy section */
		7552A76F2A573DFB0023DA5A /* PBXContainerItemProxy */ = {
			isa = PBXContainerItemProxy;
			containerPortal = 7552A7482A573CBB0023DA5A /* Project object */;
			proxyType = 1;
			remoteGlobalIDString = 7552A74F2A573CBB0023DA5A;
			remoteInfo = "Test Runner";
		***REMOVED***;
/* End PBXContainerItemProxy section */

/* Begin PBXFileReference section */
		75022F952A7AC9A0000ED7B7 /* FormViewTests.swift */ = {isa = PBXFileReference; lastKnownFileType = sourcecode.swift; path = FormViewTests.swift; sourceTree = "<group>"; ***REMOVED***;
		75384C102B2D1BD800D97E6C /* BookmarksTestCase5View.swift */ = {isa = PBXFileReference; lastKnownFileType = sourcecode.swift; path = BookmarksTestCase5View.swift; sourceTree = "<group>"; ***REMOVED***;
		7552A7502A573CBB0023DA5A /* Test Runner.app */ = {isa = PBXFileReference; explicitFileType = wrapper.application; includeInIndex = 0; path = "Test Runner.app"; sourceTree = BUILT_PRODUCTS_DIR; ***REMOVED***;
		7552A7532A573CBB0023DA5A /* TestRunnerApp.swift */ = {isa = PBXFileReference; lastKnownFileType = sourcecode.swift; path = TestRunnerApp.swift; sourceTree = "<group>"; ***REMOVED***;
		7552A7552A573CBB0023DA5A /* Tests.swift */ = {isa = PBXFileReference; lastKnownFileType = sourcecode.swift; path = Tests.swift; sourceTree = "<group>"; ***REMOVED***;
		7552A7572A573CBD0023DA5A /* Assets.xcassets */ = {isa = PBXFileReference; lastKnownFileType = folder.assetcatalog; path = Assets.xcassets; sourceTree = "<group>"; ***REMOVED***;
		7552A75A2A573CBD0023DA5A /* Preview Assets.xcassets */ = {isa = PBXFileReference; lastKnownFileType = folder.assetcatalog; path = "Preview Assets.xcassets"; sourceTree = "<group>"; ***REMOVED***;
		7552A7612A573D810023DA5A /* BookmarksTestCase1View.swift */ = {isa = PBXFileReference; lastKnownFileType = sourcecode.swift; path = BookmarksTestCase1View.swift; sourceTree = "<group>"; ***REMOVED***;
		7552A7642A573DA00023DA5A /* arcgis-maps-sdk-swift-toolkit */ = {isa = PBXFileReference; lastKnownFileType = wrapper; name = "arcgis-maps-sdk-swift-toolkit"; path = ..; sourceTree = "<group>"; ***REMOVED***;
		7552A7692A573DFB0023DA5A /* UITests.xctest */ = {isa = PBXFileReference; explicitFileType = wrapper.cfbundle; includeInIndex = 0; path = UITests.xctest; sourceTree = BUILT_PRODUCTS_DIR; ***REMOVED***;
		7552A76B2A573DFB0023DA5A /* BookmarksTests.swift */ = {isa = PBXFileReference; lastKnownFileType = sourcecode.swift; path = BookmarksTests.swift; sourceTree = "<group>"; ***REMOVED***;
		7584B7542B1A79DD00772AB7 /* BookmarksTestViews.swift */ = {isa = PBXFileReference; lastKnownFileType = sourcecode.swift; path = BookmarksTestViews.swift; sourceTree = "<group>"; ***REMOVED***;
		7584B7562B1A7AF100772AB7 /* BookmarksTestCase2View.swift */ = {isa = PBXFileReference; fileEncoding = 4; lastKnownFileType = sourcecode.swift; path = BookmarksTestCase2View.swift; sourceTree = "<group>"; ***REMOVED***;
		7584B7582B1A817A00772AB7 /* BookmarksTestCase3View.swift */ = {isa = PBXFileReference; lastKnownFileType = sourcecode.swift; path = BookmarksTestCase3View.swift; sourceTree = "<group>"; ***REMOVED***;
		7584B75A2B1A824300772AB7 /* BookmarksTestCase4View.swift */ = {isa = PBXFileReference; lastKnownFileType = sourcecode.swift; path = BookmarksTestCase4View.swift; sourceTree = "<group>"; ***REMOVED***;
		75B236682A5CB49B00AEFACE /* BasemapGalleryTestView.swift */ = {isa = PBXFileReference; lastKnownFileType = sourcecode.swift; path = BasemapGalleryTestView.swift; sourceTree = "<group>"; ***REMOVED***;
		75B2366A2A5CB8CE00AEFACE /* BasemapGalleryTests.swift */ = {isa = PBXFileReference; lastKnownFileType = sourcecode.swift; path = BasemapGalleryTests.swift; sourceTree = "<group>"; ***REMOVED***;
		75B2366C2A5CC78C00AEFACE /* FloorFilterTestView.swift */ = {isa = PBXFileReference; lastKnownFileType = sourcecode.swift; path = FloorFilterTestView.swift; sourceTree = "<group>"; ***REMOVED***;
		75B2366E2A5CCADC00AEFACE /* FloorFilterTests.swift */ = {isa = PBXFileReference; lastKnownFileType = sourcecode.swift; path = FloorFilterTests.swift; sourceTree = "<group>"; ***REMOVED***;
		75CCCD612A5F691E0098B059 /* Test Runner.entitlements */ = {isa = PBXFileReference; lastKnownFileType = text.plist.entitlements; path = "Test Runner.entitlements"; sourceTree = "<group>"; ***REMOVED***;
		8A1138122BC7407D007E0BFB /* BookmarksTestCase6View.swift */ = {isa = PBXFileReference; fileEncoding = 4; lastKnownFileType = sourcecode.swift; path = BookmarksTestCase6View.swift; sourceTree = "<group>"; ***REMOVED***;
		8A1562F42B86896300000DD6 /* UI Tests.xctestplan */ = {isa = PBXFileReference; fileEncoding = 4; lastKnownFileType = text; path = "UI Tests.xctestplan"; sourceTree = "<group>"; ***REMOVED***;
		8A1562F62B86896C00000DD6 /* Unit Tests.xctestplan */ = {isa = PBXFileReference; fileEncoding = 4; lastKnownFileType = text; path = "Unit Tests.xctestplan"; sourceTree = "<group>"; ***REMOVED***;
		8A9845742C3F43EB001CCE22 /* AttachmentCameraControllerTests.swift */ = {isa = PBXFileReference; lastKnownFileType = sourcecode.swift; path = AttachmentCameraControllerTests.swift; sourceTree = "<group>"; ***REMOVED***;
		8A9845762C3F4447001CCE22 /* AttachmentCameraControllerTestView.swift */ = {isa = PBXFileReference; lastKnownFileType = sourcecode.swift; path = AttachmentCameraControllerTestView.swift; sourceTree = "<group>"; ***REMOVED***;
		8A9F898E2B5B4F0A0027215E /* FeatureFormTestView.swift */ = {isa = PBXFileReference; fileEncoding = 4; lastKnownFileType = sourcecode.swift; path = FeatureFormTestView.swift; sourceTree = "<group>"; ***REMOVED***;
		8AEE70472BEEC0B400C9949C /* RepresentedUITextViewTests.swift */ = {isa = PBXFileReference; lastKnownFileType = sourcecode.swift; path = RepresentedUITextViewTests.swift; sourceTree = "<group>"; ***REMOVED***;
		8AEE70492BEEC18000C9949C /* RepresentedUITextViewTestView.swift */ = {isa = PBXFileReference; lastKnownFileType = sourcecode.swift; path = RepresentedUITextViewTestView.swift; sourceTree = "<group>"; ***REMOVED***;
/* End PBXFileReference section */

/* Begin PBXFrameworksBuildPhase section */
		7552A74D2A573CBB0023DA5A /* Frameworks */ = {
			isa = PBXFrameworksBuildPhase;
			buildActionMask = 2147483647;
			files = (
				7552A7762A573E900023DA5A /* ArcGISToolkit in Frameworks */,
			);
			runOnlyForDeploymentPostprocessing = 0;
		***REMOVED***;
		7552A7662A573DFB0023DA5A /* Frameworks */ = {
			isa = PBXFrameworksBuildPhase;
			buildActionMask = 2147483647;
			files = (
			);
			runOnlyForDeploymentPostprocessing = 0;
		***REMOVED***;
/* End PBXFrameworksBuildPhase section */

/* Begin PBXGroup section */
		7552A7472A573CBB0023DA5A = {
			isa = PBXGroup;
			children = (
				7552A7632A573DA00023DA5A /* Packages */,
				8A1562F32B86892500000DD6 /* Test Plans */,
				7552A7522A573CBB0023DA5A /* Test Runner */,
				7552A76A2A573DFB0023DA5A /* UI Tests */,
				7552A7512A573CBB0023DA5A /* Products */,
				8A836B072C7D4335004EC961 /* Frameworks */,
			);
			sourceTree = "<group>";
		***REMOVED***;
		7552A7512A573CBB0023DA5A /* Products */ = {
			isa = PBXGroup;
			children = (
				7552A7502A573CBB0023DA5A /* Test Runner.app */,
				7552A7692A573DFB0023DA5A /* UITests.xctest */,
			);
			name = Products;
			sourceTree = "<group>";
		***REMOVED***;
		7552A7522A573CBB0023DA5A /* Test Runner */ = {
			isa = PBXGroup;
			children = (
				75CCCD612A5F691E0098B059 /* Test Runner.entitlements */,
				7552A7532A573CBB0023DA5A /* TestRunnerApp.swift */,
				7552A7552A573CBB0023DA5A /* Tests.swift */,
				7552A7572A573CBD0023DA5A /* Assets.xcassets */,
				7552A7592A573CBD0023DA5A /* Preview Content */,
				75B236672A5CB32700AEFACE /* TestViews */,
			);
			path = "Test Runner";
			sourceTree = "<group>";
		***REMOVED***;
		7552A7592A573CBD0023DA5A /* Preview Content */ = {
			isa = PBXGroup;
			children = (
				7552A75A2A573CBD0023DA5A /* Preview Assets.xcassets */,
			);
			path = "Preview Content";
			sourceTree = "<group>";
		***REMOVED***;
		7552A7632A573DA00023DA5A /* Packages */ = {
			isa = PBXGroup;
			children = (
				7552A7642A573DA00023DA5A /* arcgis-maps-sdk-swift-toolkit */,
			);
			name = Packages;
			sourceTree = "<group>";
		***REMOVED***;
		7552A76A2A573DFB0023DA5A /* UI Tests */ = {
			isa = PBXGroup;
			children = (
				75B2366A2A5CB8CE00AEFACE /* BasemapGalleryTests.swift */,
				8A9845742C3F43EB001CCE22 /* AttachmentCameraControllerTests.swift */,
				7552A76B2A573DFB0023DA5A /* BookmarksTests.swift */,
				75B2366E2A5CCADC00AEFACE /* FloorFilterTests.swift */,
				75022F952A7AC9A0000ED7B7 /* FormViewTests.swift */,
				8AEE70472BEEC0B400C9949C /* RepresentedUITextViewTests.swift */,
			);
			path = "UI Tests";
			sourceTree = "<group>";
		***REMOVED***;
		7584B7532B1A798B00772AB7 /* BookmarksTestViews */ = {
			isa = PBXGroup;
			children = (
				7552A7612A573D810023DA5A /* BookmarksTestCase1View.swift */,
				7584B7562B1A7AF100772AB7 /* BookmarksTestCase2View.swift */,
				7584B7582B1A817A00772AB7 /* BookmarksTestCase3View.swift */,
				7584B75A2B1A824300772AB7 /* BookmarksTestCase4View.swift */,
				75384C102B2D1BD800D97E6C /* BookmarksTestCase5View.swift */,
				8A1138122BC7407D007E0BFB /* BookmarksTestCase6View.swift */,
				7584B7542B1A79DD00772AB7 /* BookmarksTestViews.swift */,
			);
			path = BookmarksTestViews;
			sourceTree = "<group>";
		***REMOVED***;
		75B236672A5CB32700AEFACE /* TestViews */ = {
			isa = PBXGroup;
			children = (
				8A9F898E2B5B4F0A0027215E /* FeatureFormTestView.swift */,
				8AEE70492BEEC18000C9949C /* RepresentedUITextViewTestView.swift */,
				75B236682A5CB49B00AEFACE /* BasemapGalleryTestView.swift */,
				8A9845762C3F4447001CCE22 /* AttachmentCameraControllerTestView.swift */,
				7584B7532B1A798B00772AB7 /* BookmarksTestViews */,
				75B2366C2A5CC78C00AEFACE /* FloorFilterTestView.swift */,
			);
			path = TestViews;
			sourceTree = "<group>";
		***REMOVED***;
		8A1562F32B86892500000DD6 /* Test Plans */ = {
			isa = PBXGroup;
			children = (
				8A1562F42B86896300000DD6 /* UI Tests.xctestplan */,
				8A1562F62B86896C00000DD6 /* Unit Tests.xctestplan */,
			);
			path = "Test Plans";
			sourceTree = "<group>";
		***REMOVED***;
		8A836B072C7D4335004EC961 /* Frameworks */ = {
			isa = PBXGroup;
			children = (
			);
			name = Frameworks;
			sourceTree = "<group>";
		***REMOVED***;
/* End PBXGroup section */

/* Begin PBXNativeTarget section */
		7552A74F2A573CBB0023DA5A /* Test Runner */ = {
			isa = PBXNativeTarget;
			buildConfigurationList = 7552A75E2A573CBD0023DA5A /* Build configuration list for PBXNativeTarget "Test Runner" */;
			buildPhases = (
				7552A74C2A573CBB0023DA5A /* Sources */,
				7552A74D2A573CBB0023DA5A /* Frameworks */,
				7552A74E2A573CBB0023DA5A /* Resources */,
			);
			buildRules = (
			);
			dependencies = (
			);
			name = "Test Runner";
			packageProductDependencies = (
				7552A7752A573E900023DA5A /* ArcGISToolkit */,
			);
			productName = "Test Runner";
			productReference = 7552A7502A573CBB0023DA5A /* Test Runner.app */;
			productType = "com.apple.product-type.application";
		***REMOVED***;
		7552A7682A573DFB0023DA5A /* UITests */ = {
			isa = PBXNativeTarget;
			buildConfigurationList = 7552A7712A573DFB0023DA5A /* Build configuration list for PBXNativeTarget "UITests" */;
			buildPhases = (
				7552A7652A573DFB0023DA5A /* Sources */,
				7552A7662A573DFB0023DA5A /* Frameworks */,
				7552A7672A573DFB0023DA5A /* Resources */,
			);
			buildRules = (
			);
			dependencies = (
				7552A7702A573DFB0023DA5A /* PBXTargetDependency */,
			);
			name = UITests;
			packageProductDependencies = (
			);
			productName = UITests;
			productReference = 7552A7692A573DFB0023DA5A /* UITests.xctest */;
			productType = "com.apple.product-type.bundle.ui-testing";
		***REMOVED***;
/* End PBXNativeTarget section */

/* Begin PBXProject section */
		7552A7482A573CBB0023DA5A /* Project object */ = {
			isa = PBXProject;
			attributes = {
				BuildIndependentTargetsInParallel = 1;
				LastSwiftUpdateCheck = 1400;
				LastUpgradeCheck = 1530;
				TargetAttributes = {
					7552A74F2A573CBB0023DA5A = {
						CreatedOnToolsVersion = 14.0;
					***REMOVED***;
					7552A7682A573DFB0023DA5A = {
						CreatedOnToolsVersion = 14.0;
						TestTargetID = 7552A74F2A573CBB0023DA5A;
					***REMOVED***;
				***REMOVED***;
			***REMOVED***;
			buildConfigurationList = 7552A74B2A573CBB0023DA5A /* Build configuration list for PBXProject "Test Runner" */;
			compatibilityVersion = "Xcode 14.0";
			developmentRegion = en;
			hasScannedForEncodings = 0;
			knownRegions = (
				en,
				Base,
			);
			mainGroup = 7552A7472A573CBB0023DA5A;
			packageReferences = (
			);
			productRefGroup = 7552A7512A573CBB0023DA5A /* Products */;
			projectDirPath = "";
			projectRoot = "";
			targets = (
				7552A74F2A573CBB0023DA5A /* Test Runner */,
				7552A7682A573DFB0023DA5A /* UITests */,
			);
		***REMOVED***;
/* End PBXProject section */

/* Begin PBXResourcesBuildPhase section */
		7552A74E2A573CBB0023DA5A /* Resources */ = {
			isa = PBXResourcesBuildPhase;
			buildActionMask = 2147483647;
			files = (
				8A1562F72B86896C00000DD6 /* Unit Tests.xctestplan in Resources */,
				7552A75B2A573CBD0023DA5A /* Preview Assets.xcassets in Resources */,
				7552A7582A573CBD0023DA5A /* Assets.xcassets in Resources */,
				8A1562F52B86896300000DD6 /* UI Tests.xctestplan in Resources */,
			);
			runOnlyForDeploymentPostprocessing = 0;
		***REMOVED***;
		7552A7672A573DFB0023DA5A /* Resources */ = {
			isa = PBXResourcesBuildPhase;
			buildActionMask = 2147483647;
			files = (
			);
			runOnlyForDeploymentPostprocessing = 0;
		***REMOVED***;
/* End PBXResourcesBuildPhase section */

/* Begin PBXSourcesBuildPhase section */
		7552A74C2A573CBB0023DA5A /* Sources */ = {
			isa = PBXSourcesBuildPhase;
			buildActionMask = 2147483647;
			files = (
				7552A7562A573CBB0023DA5A /* Tests.swift in Sources */,
				7552A7542A573CBB0023DA5A /* TestRunnerApp.swift in Sources */,
				8A9845772C3F444B001CCE22 /* AttachmentCameraControllerTestView.swift in Sources */,
				7584B7552B1A79DD00772AB7 /* BookmarksTestViews.swift in Sources */,
				75B2366D2A5CC78C00AEFACE /* FloorFilterTestView.swift in Sources */,
				75384C112B2D1BD800D97E6C /* BookmarksTestCase5View.swift in Sources */,
				7552A7622A573D810023DA5A /* BookmarksTestCase1View.swift in Sources */,
				7584B7592B1A817A00772AB7 /* BookmarksTestCase3View.swift in Sources */,
				8AEE704A2BEEC18000C9949C /* RepresentedUITextViewTestView.swift in Sources */,
				7584B7572B1A7AF100772AB7 /* BookmarksTestCase2View.swift in Sources */,
				8A9F898F2B5B4F0A0027215E /* FeatureFormTestView.swift in Sources */,
				8A1138132BC7407D007E0BFB /* BookmarksTestCase6View.swift in Sources */,
				7584B75B2B1A824300772AB7 /* BookmarksTestCase4View.swift in Sources */,
				75B236692A5CB49B00AEFACE /* BasemapGalleryTestView.swift in Sources */,
			);
			runOnlyForDeploymentPostprocessing = 0;
		***REMOVED***;
		7552A7652A573DFB0023DA5A /* Sources */ = {
			isa = PBXSourcesBuildPhase;
			buildActionMask = 2147483647;
			files = (
				75022F962A7AC9A0000ED7B7 /* FormViewTests.swift in Sources */,
				75B2366F2A5CCADC00AEFACE /* FloorFilterTests.swift in Sources */,
				8A9845752C3F43EB001CCE22 /* AttachmentCameraControllerTests.swift in Sources */,
				75B2366B2A5CB8CE00AEFACE /* BasemapGalleryTests.swift in Sources */,
				8AEE70482BEEC0B400C9949C /* RepresentedUITextViewTests.swift in Sources */,
				7552A76C2A573DFB0023DA5A /* BookmarksTests.swift in Sources */,
			);
			runOnlyForDeploymentPostprocessing = 0;
		***REMOVED***;
/* End PBXSourcesBuildPhase section */

/* Begin PBXTargetDependency section */
		7552A7702A573DFB0023DA5A /* PBXTargetDependency */ = {
			isa = PBXTargetDependency;
			target = 7552A74F2A573CBB0023DA5A /* Test Runner */;
			targetProxy = 7552A76F2A573DFB0023DA5A /* PBXContainerItemProxy */;
		***REMOVED***;
/* End PBXTargetDependency section */

/* Begin XCBuildConfiguration section */
		7552A75C2A573CBD0023DA5A /* Debug */ = {
			isa = XCBuildConfiguration;
			buildSettings = {
				ALWAYS_SEARCH_USER_PATHS = NO;
				ASSETCATALOG_COMPILER_GENERATE_SWIFT_ASSET_SYMBOL_EXTENSIONS = YES;
				CLANG_ANALYZER_NONNULL = YES;
				CLANG_ANALYZER_NUMBER_OBJECT_CONVERSION = YES_AGGRESSIVE;
				CLANG_CXX_LANGUAGE_STANDARD = "gnu++20";
				CLANG_ENABLE_MODULES = YES;
				CLANG_ENABLE_OBJC_ARC = YES;
				CLANG_ENABLE_OBJC_WEAK = YES;
				CLANG_WARN_BLOCK_CAPTURE_AUTORELEASING = YES;
				CLANG_WARN_BOOL_CONVERSION = YES;
				CLANG_WARN_COMMA = YES;
				CLANG_WARN_CONSTANT_CONVERSION = YES;
				CLANG_WARN_DEPRECATED_OBJC_IMPLEMENTATIONS = YES;
				CLANG_WARN_DIRECT_OBJC_ISA_USAGE = YES_ERROR;
				CLANG_WARN_DOCUMENTATION_COMMENTS = YES;
				CLANG_WARN_EMPTY_BODY = YES;
				CLANG_WARN_ENUM_CONVERSION = YES;
				CLANG_WARN_INFINITE_RECURSION = YES;
				CLANG_WARN_INT_CONVERSION = YES;
				CLANG_WARN_NON_LITERAL_NULL_CONVERSION = YES;
				CLANG_WARN_OBJC_IMPLICIT_RETAIN_SELF = YES;
				CLANG_WARN_OBJC_LITERAL_CONVERSION = YES;
				CLANG_WARN_OBJC_ROOT_CLASS = YES_ERROR;
				CLANG_WARN_QUOTED_INCLUDE_IN_FRAMEWORK_HEADER = YES;
				CLANG_WARN_RANGE_LOOP_ANALYSIS = YES;
				CLANG_WARN_STRICT_PROTOTYPES = YES;
				CLANG_WARN_SUSPICIOUS_MOVE = YES;
				CLANG_WARN_UNGUARDED_AVAILABILITY = YES_AGGRESSIVE;
				CLANG_WARN_UNREACHABLE_CODE = YES;
				CLANG_WARN__DUPLICATE_METHOD_MATCH = YES;
				COPY_PHASE_STRIP = NO;
				DEBUG_INFORMATION_FORMAT = dwarf;
				ENABLE_STRICT_OBJC_MSGSEND = YES;
				ENABLE_TESTABILITY = YES;
				ENABLE_USER_SCRIPT_SANDBOXING = YES;
				GCC_C_LANGUAGE_STANDARD = gnu11;
				GCC_DYNAMIC_NO_PIC = NO;
				GCC_NO_COMMON_BLOCKS = YES;
				GCC_OPTIMIZATION_LEVEL = 0;
				GCC_PREPROCESSOR_DEFINITIONS = (
					"DEBUG=1",
					"$(inherited)",
				);
				GCC_WARN_64_TO_32_BIT_CONVERSION = YES;
				GCC_WARN_ABOUT_RETURN_TYPE = YES_ERROR;
				GCC_WARN_UNDECLARED_SELECTOR = YES;
				GCC_WARN_UNINITIALIZED_AUTOS = YES_AGGRESSIVE;
				GCC_WARN_UNUSED_FUNCTION = YES;
				GCC_WARN_UNUSED_VARIABLE = YES;
				IPHONEOS_DEPLOYMENT_TARGET = 16.0;
				MTL_ENABLE_DEBUG_INFO = INCLUDE_SOURCE;
				MTL_FAST_MATH = YES;
				ONLY_ACTIVE_ARCH = YES;
				SDKROOT = iphoneos;
				SWIFT_ACTIVE_COMPILATION_CONDITIONS = DEBUG;
				SWIFT_OPTIMIZATION_LEVEL = "-Onone";
				SWIFT_VERSION = 6.0;
			***REMOVED***;
			name = Debug;
		***REMOVED***;
		7552A75D2A573CBD0023DA5A /* Release */ = {
			isa = XCBuildConfiguration;
			buildSettings = {
				ALWAYS_SEARCH_USER_PATHS = NO;
				ASSETCATALOG_COMPILER_GENERATE_SWIFT_ASSET_SYMBOL_EXTENSIONS = YES;
				CLANG_ANALYZER_NONNULL = YES;
				CLANG_ANALYZER_NUMBER_OBJECT_CONVERSION = YES_AGGRESSIVE;
				CLANG_CXX_LANGUAGE_STANDARD = "gnu++20";
				CLANG_ENABLE_MODULES = YES;
				CLANG_ENABLE_OBJC_ARC = YES;
				CLANG_ENABLE_OBJC_WEAK = YES;
				CLANG_WARN_BLOCK_CAPTURE_AUTORELEASING = YES;
				CLANG_WARN_BOOL_CONVERSION = YES;
				CLANG_WARN_COMMA = YES;
				CLANG_WARN_CONSTANT_CONVERSION = YES;
				CLANG_WARN_DEPRECATED_OBJC_IMPLEMENTATIONS = YES;
				CLANG_WARN_DIRECT_OBJC_ISA_USAGE = YES_ERROR;
				CLANG_WARN_DOCUMENTATION_COMMENTS = YES;
				CLANG_WARN_EMPTY_BODY = YES;
				CLANG_WARN_ENUM_CONVERSION = YES;
				CLANG_WARN_INFINITE_RECURSION = YES;
				CLANG_WARN_INT_CONVERSION = YES;
				CLANG_WARN_NON_LITERAL_NULL_CONVERSION = YES;
				CLANG_WARN_OBJC_IMPLICIT_RETAIN_SELF = YES;
				CLANG_WARN_OBJC_LITERAL_CONVERSION = YES;
				CLANG_WARN_OBJC_ROOT_CLASS = YES_ERROR;
				CLANG_WARN_QUOTED_INCLUDE_IN_FRAMEWORK_HEADER = YES;
				CLANG_WARN_RANGE_LOOP_ANALYSIS = YES;
				CLANG_WARN_STRICT_PROTOTYPES = YES;
				CLANG_WARN_SUSPICIOUS_MOVE = YES;
				CLANG_WARN_UNGUARDED_AVAILABILITY = YES_AGGRESSIVE;
				CLANG_WARN_UNREACHABLE_CODE = YES;
				CLANG_WARN__DUPLICATE_METHOD_MATCH = YES;
				COPY_PHASE_STRIP = NO;
				DEBUG_INFORMATION_FORMAT = "dwarf-with-dsym";
				ENABLE_NS_ASSERTIONS = NO;
				ENABLE_STRICT_OBJC_MSGSEND = YES;
				ENABLE_USER_SCRIPT_SANDBOXING = YES;
				GCC_C_LANGUAGE_STANDARD = gnu11;
				GCC_NO_COMMON_BLOCKS = YES;
				GCC_WARN_64_TO_32_BIT_CONVERSION = YES;
				GCC_WARN_ABOUT_RETURN_TYPE = YES_ERROR;
				GCC_WARN_UNDECLARED_SELECTOR = YES;
				GCC_WARN_UNINITIALIZED_AUTOS = YES_AGGRESSIVE;
				GCC_WARN_UNUSED_FUNCTION = YES;
				GCC_WARN_UNUSED_VARIABLE = YES;
				IPHONEOS_DEPLOYMENT_TARGET = 16.0;
				MTL_ENABLE_DEBUG_INFO = NO;
				MTL_FAST_MATH = YES;
				SDKROOT = iphoneos;
				SWIFT_COMPILATION_MODE = wholemodule;
				SWIFT_OPTIMIZATION_LEVEL = "-O";
				SWIFT_VERSION = 6.0;
				VALIDATE_PRODUCT = YES;
			***REMOVED***;
			name = Release;
		***REMOVED***;
		7552A75F2A573CBD0023DA5A /* Debug */ = {
			isa = XCBuildConfiguration;
			buildSettings = {
				ASSETCATALOG_COMPILER_APPICON_NAME = AppIcon;
				ASSETCATALOG_COMPILER_GLOBAL_ACCENT_COLOR_NAME = AccentColor;
				CODE_SIGN_ENTITLEMENTS = "Test Runner/Test Runner.entitlements";
				CODE_SIGN_STYLE = Automatic;
				CURRENT_PROJECT_VERSION = 1;
				DEVELOPMENT_ASSET_PATHS = "\"Test Runner/Preview Content\"";
				ENABLE_PREVIEWS = YES;
				ENABLE_USER_SCRIPT_SANDBOXING = YES;
				GENERATE_INFOPLIST_FILE = YES;
				INFOPLIST_KEY_NSCameraUsageDescription = "For component testing.";
				INFOPLIST_KEY_NSMicrophoneUsageDescription = "For component testing.";
				INFOPLIST_KEY_UIApplicationSceneManifest_Generation = YES;
				INFOPLIST_KEY_UIApplicationSupportsIndirectInputEvents = YES;
				INFOPLIST_KEY_UILaunchScreen_Generation = YES;
				INFOPLIST_KEY_UISupportedInterfaceOrientations_iPad = "UIInterfaceOrientationPortrait UIInterfaceOrientationPortraitUpsideDown UIInterfaceOrientationLandscapeLeft UIInterfaceOrientationLandscapeRight";
				INFOPLIST_KEY_UISupportedInterfaceOrientations_iPhone = "UIInterfaceOrientationPortrait UIInterfaceOrientationLandscapeLeft UIInterfaceOrientationLandscapeRight";
				LD_RUNPATH_SEARCH_PATHS = (
					"$(inherited)",
					"@executable_path/Frameworks",
				);
				MARKETING_VERSION = 200.5.0;
				PRODUCT_BUNDLE_IDENTIFIER = "com.esri.arcgis-swift-sdk-toolkit.Test-Runner";
				PRODUCT_NAME = "$(TARGET_NAME)";
				SUPPORTED_PLATFORMS = "iphoneos iphonesimulator";
				SUPPORTS_MACCATALYST = YES;
				SUPPORTS_MAC_DESIGNED_FOR_IPHONE_IPAD = NO;
				SWIFT_EMIT_LOC_STRINGS = YES;
				SWIFT_STRICT_CONCURRENCY = complete;
				SWIFT_VERSION = 6.0;
				TARGETED_DEVICE_FAMILY = "1,2,6";
			***REMOVED***;
			name = Debug;
		***REMOVED***;
		7552A7602A573CBD0023DA5A /* Release */ = {
			isa = XCBuildConfiguration;
			buildSettings = {
				ASSETCATALOG_COMPILER_APPICON_NAME = AppIcon;
				ASSETCATALOG_COMPILER_GLOBAL_ACCENT_COLOR_NAME = AccentColor;
				CODE_SIGN_ENTITLEMENTS = "Test Runner/Test Runner.entitlements";
				CODE_SIGN_STYLE = Automatic;
				CURRENT_PROJECT_VERSION = 1;
				DEVELOPMENT_ASSET_PATHS = "\"Test Runner/Preview Content\"";
				ENABLE_PREVIEWS = YES;
				ENABLE_USER_SCRIPT_SANDBOXING = YES;
				GENERATE_INFOPLIST_FILE = YES;
				INFOPLIST_KEY_NSCameraUsageDescription = "For component testing.";
				INFOPLIST_KEY_NSMicrophoneUsageDescription = "For component testing.";
				INFOPLIST_KEY_UIApplicationSceneManifest_Generation = YES;
				INFOPLIST_KEY_UIApplicationSupportsIndirectInputEvents = YES;
				INFOPLIST_KEY_UILaunchScreen_Generation = YES;
				INFOPLIST_KEY_UISupportedInterfaceOrientations_iPad = "UIInterfaceOrientationPortrait UIInterfaceOrientationPortraitUpsideDown UIInterfaceOrientationLandscapeLeft UIInterfaceOrientationLandscapeRight";
				INFOPLIST_KEY_UISupportedInterfaceOrientations_iPhone = "UIInterfaceOrientationPortrait UIInterfaceOrientationLandscapeLeft UIInterfaceOrientationLandscapeRight";
				LD_RUNPATH_SEARCH_PATHS = (
					"$(inherited)",
					"@executable_path/Frameworks",
				);
				MARKETING_VERSION = 200.5.0;
				PRODUCT_BUNDLE_IDENTIFIER = "com.esri.arcgis-swift-sdk-toolkit.Test-Runner";
				PRODUCT_NAME = "$(TARGET_NAME)";
				SUPPORTED_PLATFORMS = "iphoneos iphonesimulator";
				SUPPORTS_MACCATALYST = YES;
				SUPPORTS_MAC_DESIGNED_FOR_IPHONE_IPAD = NO;
				SWIFT_EMIT_LOC_STRINGS = YES;
				SWIFT_STRICT_CONCURRENCY = complete;
				SWIFT_VERSION = 6.0;
				TARGETED_DEVICE_FAMILY = "1,2,6";
			***REMOVED***;
			name = Release;
		***REMOVED***;
		7552A7722A573DFB0023DA5A /* Debug */ = {
			isa = XCBuildConfiguration;
			buildSettings = {
				CODE_SIGN_STYLE = Automatic;
				CURRENT_PROJECT_VERSION = 1;
				GENERATE_INFOPLIST_FILE = YES;
				MARKETING_VERSION = 1.0;
				PRODUCT_BUNDLE_IDENTIFIER = "com.esri.arcgis-swift-sdk-toolkit.UITests";
				PRODUCT_NAME = "$(TARGET_NAME)";
				SUPPORTED_PLATFORMS = "iphoneos iphonesimulator";
				SUPPORTS_MACCATALYST = YES;
				SUPPORTS_MAC_DESIGNED_FOR_IPHONE_IPAD = NO;
				SWIFT_EMIT_LOC_STRINGS = NO;
				SWIFT_VERSION = 6.0;
				TARGETED_DEVICE_FAMILY = "1,2";
				TEST_TARGET_NAME = "Test Runner";
			***REMOVED***;
			name = Debug;
		***REMOVED***;
		7552A7732A573DFB0023DA5A /* Release */ = {
			isa = XCBuildConfiguration;
			buildSettings = {
				CODE_SIGN_STYLE = Automatic;
				CURRENT_PROJECT_VERSION = 1;
				GENERATE_INFOPLIST_FILE = YES;
				MARKETING_VERSION = 1.0;
				PRODUCT_BUNDLE_IDENTIFIER = "com.esri.arcgis-swift-sdk-toolkit.UITests";
				PRODUCT_NAME = "$(TARGET_NAME)";
				SUPPORTED_PLATFORMS = "iphoneos iphonesimulator";
				SUPPORTS_MACCATALYST = YES;
				SUPPORTS_MAC_DESIGNED_FOR_IPHONE_IPAD = NO;
				SWIFT_EMIT_LOC_STRINGS = NO;
				SWIFT_VERSION = 6.0;
				TARGETED_DEVICE_FAMILY = "1,2";
				TEST_TARGET_NAME = "Test Runner";
			***REMOVED***;
			name = Release;
		***REMOVED***;
/* End XCBuildConfiguration section */

/* Begin XCConfigurationList section */
		7552A74B2A573CBB0023DA5A /* Build configuration list for PBXProject "Test Runner" */ = {
			isa = XCConfigurationList;
			buildConfigurations = (
				7552A75C2A573CBD0023DA5A /* Debug */,
				7552A75D2A573CBD0023DA5A /* Release */,
			);
			defaultConfigurationIsVisible = 0;
			defaultConfigurationName = Release;
		***REMOVED***;
		7552A75E2A573CBD0023DA5A /* Build configuration list for PBXNativeTarget "Test Runner" */ = {
			isa = XCConfigurationList;
			buildConfigurations = (
				7552A75F2A573CBD0023DA5A /* Debug */,
				7552A7602A573CBD0023DA5A /* Release */,
			);
			defaultConfigurationIsVisible = 0;
			defaultConfigurationName = Release;
		***REMOVED***;
		7552A7712A573DFB0023DA5A /* Build configuration list for PBXNativeTarget "UITests" */ = {
			isa = XCConfigurationList;
			buildConfigurations = (
				7552A7722A573DFB0023DA5A /* Debug */,
				7552A7732A573DFB0023DA5A /* Release */,
			);
			defaultConfigurationIsVisible = 0;
			defaultConfigurationName = Release;
		***REMOVED***;
/* End XCConfigurationList section */

/* Begin XCSwiftPackageProductDependency section */
		7552A7752A573E900023DA5A /* ArcGISToolkit */ = {
			isa = XCSwiftPackageProductDependency;
			productName = ArcGISToolkit;
		***REMOVED***;
/* End XCSwiftPackageProductDependency section */
	***REMOVED***;
	rootObject = 7552A7482A573CBB0023DA5A /* Project object */;
***REMOVED***
