<?xml version="1.0" encoding="UTF-8"?>
<Scheme
   LastUpgradeVersion = "1600"
   version = "1.7">
   <BuildAction
***REMOVED***  parallelizeBuildables = "YES"
***REMOVED***  buildImplicitDependencies = "YES">
***REMOVED***  <BuildActionEntries>
***REMOVED******REMOVED*** <BuildActionEntry
***REMOVED******REMOVED******REMOVED***buildForTesting = "YES"
***REMOVED******REMOVED******REMOVED***buildForRunning = "YES"
***REMOVED******REMOVED******REMOVED***buildForProfiling = "YES"
***REMOVED******REMOVED******REMOVED***buildForArchiving = "YES"
***REMOVED******REMOVED******REMOVED***buildForAnalyzing = "YES">
***REMOVED******REMOVED******REMOVED***<BuildableReference
***REMOVED******REMOVED******REMOVED***   BuildableIdentifier = "primary"
***REMOVED******REMOVED******REMOVED***   BlueprintIdentifier = "ArcGISToolkit-Swift"
***REMOVED******REMOVED******REMOVED***   BuildableName = "ArcGISToolkit-Swift"
***REMOVED******REMOVED******REMOVED***   BlueprintName = "ArcGISToolkit-Swift"
***REMOVED******REMOVED******REMOVED***   ReferencedContainer = "container:">
***REMOVED******REMOVED******REMOVED***</BuildableReference>
***REMOVED******REMOVED*** </BuildActionEntry>
***REMOVED******REMOVED*** <BuildActionEntry
***REMOVED******REMOVED******REMOVED***buildForTesting = "YES"
***REMOVED******REMOVED******REMOVED***buildForRunning = "YES"
***REMOVED******REMOVED******REMOVED***buildForProfiling = "NO"
***REMOVED******REMOVED******REMOVED***buildForArchiving = "NO"
***REMOVED******REMOVED******REMOVED***buildForAnalyzing = "YES">
***REMOVED******REMOVED******REMOVED***<BuildableReference
***REMOVED******REMOVED******REMOVED***   BuildableIdentifier = "primary"
***REMOVED******REMOVED******REMOVED***   BlueprintIdentifier = "ArcGISToolkit-SwiftTests"
***REMOVED******REMOVED******REMOVED***   BuildableName = "ArcGISToolkit-SwiftTests"
***REMOVED******REMOVED******REMOVED***   BlueprintName = "ArcGISToolkit-SwiftTests"
***REMOVED******REMOVED******REMOVED***   ReferencedContainer = "container:">
***REMOVED******REMOVED******REMOVED***</BuildableReference>
***REMOVED******REMOVED*** </BuildActionEntry>
***REMOVED******REMOVED*** <BuildActionEntry
***REMOVED******REMOVED******REMOVED***buildForTesting = "YES"
***REMOVED******REMOVED******REMOVED***buildForRunning = "YES"
***REMOVED******REMOVED******REMOVED***buildForProfiling = "YES"
***REMOVED******REMOVED******REMOVED***buildForArchiving = "YES"
***REMOVED******REMOVED******REMOVED***buildForAnalyzing = "YES">
***REMOVED******REMOVED******REMOVED***<BuildableReference
***REMOVED******REMOVED******REMOVED***   BuildableIdentifier = "primary"
***REMOVED******REMOVED******REMOVED***   BlueprintIdentifier = "ArcGISToolkitSwift"
***REMOVED******REMOVED******REMOVED***   BuildableName = "ArcGISToolkitSwift"
***REMOVED******REMOVED******REMOVED***   BlueprintName = "ArcGISToolkitSwift"
***REMOVED******REMOVED******REMOVED***   ReferencedContainer = "container:">
***REMOVED******REMOVED******REMOVED***</BuildableReference>
***REMOVED******REMOVED*** </BuildActionEntry>
***REMOVED******REMOVED*** <BuildActionEntry
***REMOVED******REMOVED******REMOVED***buildForTesting = "YES"
***REMOVED******REMOVED******REMOVED***buildForRunning = "YES"
***REMOVED******REMOVED******REMOVED***buildForProfiling = "YES"
***REMOVED******REMOVED******REMOVED***buildForArchiving = "YES"
***REMOVED******REMOVED******REMOVED***buildForAnalyzing = "YES">
***REMOVED******REMOVED******REMOVED***<BuildableReference
***REMOVED******REMOVED******REMOVED***   BuildableIdentifier = "primary"
***REMOVED******REMOVED******REMOVED***   BlueprintIdentifier = "ArcGISToolkit"
***REMOVED******REMOVED******REMOVED***   BuildableName = "ArcGISToolkit"
***REMOVED******REMOVED******REMOVED***   BlueprintName = "ArcGISToolkit"
***REMOVED******REMOVED******REMOVED***   ReferencedContainer = "container:">
***REMOVED******REMOVED******REMOVED***</BuildableReference>
***REMOVED******REMOVED*** </BuildActionEntry>
***REMOVED***  </BuildActionEntries>
   </BuildAction>
   <TestAction
***REMOVED***  buildConfiguration = "Debug"
***REMOVED***  selectedDebuggerIdentifier = "Xcode.DebuggerFoundation.Debugger.LLDB"
***REMOVED***  selectedLauncherIdentifier = "Xcode.DebuggerFoundation.Launcher.LLDB"
***REMOVED***  shouldUseLaunchSchemeArgsEnv = "YES"
***REMOVED***  shouldAutocreateTestPlan = "YES">
***REMOVED***  <Testables>
***REMOVED******REMOVED*** <TestableReference
***REMOVED******REMOVED******REMOVED***skipped = "NO">
***REMOVED******REMOVED******REMOVED***<BuildableReference
***REMOVED******REMOVED******REMOVED***   BuildableIdentifier = "primary"
***REMOVED******REMOVED******REMOVED***   BlueprintIdentifier = "ArcGISToolkitTests"
***REMOVED******REMOVED******REMOVED***   BuildableName = "ArcGISToolkitTests"
***REMOVED******REMOVED******REMOVED***   BlueprintName = "ArcGISToolkitTests"
***REMOVED******REMOVED******REMOVED***   ReferencedContainer = "container:">
***REMOVED******REMOVED******REMOVED***</BuildableReference>
***REMOVED******REMOVED*** </TestableReference>
***REMOVED***  </Testables>
   </TestAction>
   <LaunchAction
***REMOVED***  buildConfiguration = "Debug"
***REMOVED***  selectedDebuggerIdentifier = "Xcode.DebuggerFoundation.Debugger.LLDB"
***REMOVED***  selectedLauncherIdentifier = "Xcode.DebuggerFoundation.Launcher.LLDB"
***REMOVED***  launchStyle = "0"
***REMOVED***  useCustomWorkingDirectory = "NO"
***REMOVED***  ignoresPersistentStateOnLaunch = "NO"
***REMOVED***  debugDocumentVersioning = "YES"
***REMOVED***  debugServiceExtension = "internal"
***REMOVED***  allowLocationSimulation = "YES">
   </LaunchAction>
   <ProfileAction
***REMOVED***  buildConfiguration = "Release"
***REMOVED***  shouldUseLaunchSchemeArgsEnv = "YES"
***REMOVED***  savedToolIdentifier = ""
***REMOVED***  useCustomWorkingDirectory = "NO"
***REMOVED***  debugDocumentVersioning = "YES">
***REMOVED***  <MacroExpansion>
***REMOVED******REMOVED*** <BuildableReference
***REMOVED******REMOVED******REMOVED***BuildableIdentifier = "primary"
***REMOVED******REMOVED******REMOVED***BlueprintIdentifier = "ArcGISToolkit-Swift"
***REMOVED******REMOVED******REMOVED***BuildableName = "ArcGISToolkit-Swift"
***REMOVED******REMOVED******REMOVED***BlueprintName = "ArcGISToolkit-Swift"
***REMOVED******REMOVED******REMOVED***ReferencedContainer = "container:">
***REMOVED******REMOVED*** </BuildableReference>
***REMOVED***  </MacroExpansion>
   </ProfileAction>
   <AnalyzeAction
***REMOVED***  buildConfiguration = "Debug">
   </AnalyzeAction>
   <ArchiveAction
***REMOVED***  buildConfiguration = "Release"
***REMOVED***  revealArchiveInOrganizer = "YES">
   </ArchiveAction>
</Scheme>
