***REMOVED*** !$*UTF8*$!
{
	archiveVersion = 1;
	classes = {
	***REMOVED***;
	objectVersion = 77;
	objects = {

/* Begin PBXBuildFile section */
		88AD13792834355000500B2E /* AuthenticationApp.swift in Sources */ = {isa = PBXBuildFile; fileRef = 88AD13782834355000500B2E /* AuthenticationApp.swift */; ***REMOVED***;
		88AD137B2834355000500B2E /* SigninView.swift in Sources */ = {isa = PBXBuildFile; fileRef = 88AD137A2834355000500B2E /* SigninView.swift */; ***REMOVED***;
		88AD137D2834355100500B2E /* Assets.xcassets in Resources */ = {isa = PBXBuildFile; fileRef = 88AD137C2834355100500B2E /* Assets.xcassets */; ***REMOVED***;
		88AD13802834355100500B2E /* Preview Assets.xcassets in Resources */ = {isa = PBXBuildFile; fileRef = 88AD137F2834355100500B2E /* Preview Assets.xcassets */; ***REMOVED***;
		88AD138A2834366100500B2E /* ArcGISToolkit in Frameworks */ = {isa = PBXBuildFile; productRef = 88AD13892834366100500B2E /* ArcGISToolkit */; ***REMOVED***;
		88AD138E283443F800500B2E /* MapItemView.swift in Sources */ = {isa = PBXBuildFile; fileRef = 88AD138D283443F800500B2E /* MapItemView.swift */; ***REMOVED***;
		88D24DF0288F062D007A539C /* ProfileView.swift in Sources */ = {isa = PBXBuildFile; fileRef = 88D24DEF288F062D007A539C /* ProfileView.swift */; ***REMOVED***;
		88D24DF2288F2FA1007A539C /* HomeView.swift in Sources */ = {isa = PBXBuildFile; fileRef = 88D24DF1288F2FA1007A539C /* HomeView.swift */; ***REMOVED***;
		88D24DF4288F4BEB007A539C /* WebMapsView.swift in Sources */ = {isa = PBXBuildFile; fileRef = 88D24DF3288F4BEB007A539C /* WebMapsView.swift */; ***REMOVED***;
		88D24DF6288F5BAE007A539C /* UserView.swift in Sources */ = {isa = PBXBuildFile; fileRef = 88D24DF5288F5BAE007A539C /* UserView.swift */; ***REMOVED***;
		88D24DF8288F6002007A539C /* LoadableImageView.swift in Sources */ = {isa = PBXBuildFile; fileRef = 88D24DF7288F6002007A539C /* LoadableImageView.swift */; ***REMOVED***;
/* End PBXBuildFile section */

/* Begin PBXFileReference section */
		21B31E8B29EF53BE00A40B10 /* AuthenticationExample.entitlements */ = {isa = PBXFileReference; lastKnownFileType = text.plist.entitlements; path = AuthenticationExample.entitlements; sourceTree = "<group>"; ***REMOVED***;
		88AD13752834355000500B2E /* AuthenticationExample.app */ = {isa = PBXFileReference; explicitFileType = wrapper.application; includeInIndex = 0; path = AuthenticationExample.app; sourceTree = BUILT_PRODUCTS_DIR; ***REMOVED***;
		88AD13782834355000500B2E /* AuthenticationApp.swift */ = {isa = PBXFileReference; lastKnownFileType = sourcecode.swift; path = AuthenticationApp.swift; sourceTree = "<group>"; ***REMOVED***;
		88AD137A2834355000500B2E /* SigninView.swift */ = {isa = PBXFileReference; lastKnownFileType = sourcecode.swift; path = SigninView.swift; sourceTree = "<group>"; ***REMOVED***;
		88AD137C2834355100500B2E /* Assets.xcassets */ = {isa = PBXFileReference; lastKnownFileType = folder.assetcatalog; path = Assets.xcassets; sourceTree = "<group>"; ***REMOVED***;
		88AD137F2834355100500B2E /* Preview Assets.xcassets */ = {isa = PBXFileReference; lastKnownFileType = folder.assetcatalog; path = "Preview Assets.xcassets"; sourceTree = "<group>"; ***REMOVED***;
		88AD13862834355C00500B2E /* arcgis-maps-sdk-swift-toolkit */ = {isa = PBXFileReference; lastKnownFileType = folder; name = "arcgis-maps-sdk-swift-toolkit"; path = ..; sourceTree = "<group>"; ***REMOVED***;
		88AD1387283435EA00500B2E /* Info.plist */ = {isa = PBXFileReference; lastKnownFileType = text.plist; path = Info.plist; sourceTree = "<group>"; ***REMOVED***;
		88AD138D283443F800500B2E /* MapItemView.swift */ = {isa = PBXFileReference; lastKnownFileType = sourcecode.swift; path = MapItemView.swift; sourceTree = "<group>"; ***REMOVED***;
		88D24DEF288F062D007A539C /* ProfileView.swift */ = {isa = PBXFileReference; lastKnownFileType = sourcecode.swift; path = ProfileView.swift; sourceTree = "<group>"; ***REMOVED***;
		88D24DF1288F2FA1007A539C /* HomeView.swift */ = {isa = PBXFileReference; lastKnownFileType = sourcecode.swift; path = HomeView.swift; sourceTree = "<group>"; ***REMOVED***;
		88D24DF3288F4BEB007A539C /* WebMapsView.swift */ = {isa = PBXFileReference; lastKnownFileType = sourcecode.swift; path = WebMapsView.swift; sourceTree = "<group>"; ***REMOVED***;
		88D24DF5288F5BAE007A539C /* UserView.swift */ = {isa = PBXFileReference; lastKnownFileType = sourcecode.swift; path = UserView.swift; sourceTree = "<group>"; ***REMOVED***;
		88D24DF7288F6002007A539C /* LoadableImageView.swift */ = {isa = PBXFileReference; lastKnownFileType = sourcecode.swift; path = LoadableImageView.swift; sourceTree = "<group>"; ***REMOVED***;
/* End PBXFileReference section */

/* Begin PBXFrameworksBuildPhase section */
		88AD13722834355000500B2E /* Frameworks */ = {
			isa = PBXFrameworksBuildPhase;
			buildActionMask = 2147483647;
			files = (
				88AD138A2834366100500B2E /* ArcGISToolkit in Frameworks */,
			);
			runOnlyForDeploymentPostprocessing = 0;
		***REMOVED***;
/* End PBXFrameworksBuildPhase section */

/* Begin PBXGroup section */
		88AD136C2834355000500B2E = {
			isa = PBXGroup;
			children = (
				88AD13862834355C00500B2E /* arcgis-maps-sdk-swift-toolkit */,
				88AD13772834355000500B2E /* AuthenticationExample */,
				88AD13762834355000500B2E /* Products */,
				88AD13882834366100500B2E /* Frameworks */,
			);
			sourceTree = "<group>";
		***REMOVED***;
		88AD13762834355000500B2E /* Products */ = {
			isa = PBXGroup;
			children = (
				88AD13752834355000500B2E /* AuthenticationExample.app */,
			);
			name = Products;
			sourceTree = "<group>";
		***REMOVED***;
		88AD13772834355000500B2E /* AuthenticationExample */ = {
			isa = PBXGroup;
			children = (
				21B31E8B29EF53BE00A40B10 /* AuthenticationExample.entitlements */,
				88AD1387283435EA00500B2E /* Info.plist */,
				88AD13782834355000500B2E /* AuthenticationApp.swift */,
				88D24DF1288F2FA1007A539C /* HomeView.swift */,
				88D24DF7288F6002007A539C /* LoadableImageView.swift */,
				88D24DF3288F4BEB007A539C /* WebMapsView.swift */,
				88AD138D283443F800500B2E /* MapItemView.swift */,
				88AD137A2834355000500B2E /* SigninView.swift */,
				88D24DEF288F062D007A539C /* ProfileView.swift */,
				88D24DF5288F5BAE007A539C /* UserView.swift */,
				88AD137C2834355100500B2E /* Assets.xcassets */,
				88AD137E2834355100500B2E /* Preview Content */,
			);
			path = AuthenticationExample;
			sourceTree = "<group>";
		***REMOVED***;
		88AD137E2834355100500B2E /* Preview Content */ = {
			isa = PBXGroup;
			children = (
				88AD137F2834355100500B2E /* Preview Assets.xcassets */,
			);
			path = "Preview Content";
			sourceTree = "<group>";
		***REMOVED***;
		88AD13882834366100500B2E /* Frameworks */ = {
			isa = PBXGroup;
			children = (
			);
			name = Frameworks;
			sourceTree = "<group>";
		***REMOVED***;
/* End PBXGroup section */

/* Begin PBXNativeTarget section */
		88AD13742834355000500B2E /* AuthenticationExample */ = {
			isa = PBXNativeTarget;
			buildConfigurationList = 88AD13832834355100500B2E /* Build configuration list for PBXNativeTarget "AuthenticationExample" */;
			buildPhases = (
				88AD13712834355000500B2E /* Sources */,
				88AD13722834355000500B2E /* Frameworks */,
				88AD13732834355000500B2E /* Resources */,
				8AA526702BCF1887007D28B1 /* Lint Sources */,
			);
			buildRules = (
			);
			dependencies = (
			);
			name = AuthenticationExample;
			packageProductDependencies = (
				88AD13892834366100500B2E /* ArcGISToolkit */,
			);
			productName = Authentication;
			productReference = 88AD13752834355000500B2E /* AuthenticationExample.app */;
			productType = "com.apple.product-type.application";
		***REMOVED***;
/* End PBXNativeTarget section */

/* Begin PBXProject section */
		88AD136D2834355000500B2E /* Project object */ = {
			isa = PBXProject;
			attributes = {
				BuildIndependentTargetsInParallel = 1;
				LastSwiftUpdateCheck = 1320;
				LastUpgradeCheck = 1600;
				TargetAttributes = {
					88AD13742834355000500B2E = {
						CreatedOnToolsVersion = 13.2.1;
					***REMOVED***;
				***REMOVED***;
			***REMOVED***;
			buildConfigurationList = 88AD13702834355000500B2E /* Build configuration list for PBXProject "AuthenticationExample" */;
			developmentRegion = en;
			hasScannedForEncodings = 0;
			knownRegions = (
				en,
				Base,
			);
			mainGroup = 88AD136C2834355000500B2E;
			preferredProjectObjectVersion = 77;
			productRefGroup = 88AD13762834355000500B2E /* Products */;
			projectDirPath = "";
			projectRoot = "";
			targets = (
				88AD13742834355000500B2E /* AuthenticationExample */,
			);
		***REMOVED***;
/* End PBXProject section */

/* Begin PBXResourcesBuildPhase section */
		88AD13732834355000500B2E /* Resources */ = {
			isa = PBXResourcesBuildPhase;
			buildActionMask = 2147483647;
			files = (
				88AD13802834355100500B2E /* Preview Assets.xcassets in Resources */,
				88AD137D2834355100500B2E /* Assets.xcassets in Resources */,
			);
			runOnlyForDeploymentPostprocessing = 0;
		***REMOVED***;
/* End PBXResourcesBuildPhase section */

/* Begin PBXShellScriptBuildPhase section */
		8AA526702BCF1887007D28B1 /* Lint Sources */ = {
			isa = PBXShellScriptBuildPhase;
			alwaysOutOfDate = 1;
			buildActionMask = 2147483647;
			files = (
			);
			inputFileListPaths = (
			);
			inputPaths = (
			);
			name = "Lint Sources";
			outputFileListPaths = (
			);
			outputPaths = (
			);
			runOnlyForDeploymentPostprocessing = 0;
			shellPath = /bin/sh;
			shellScript = "export PATH=\"$PATH:/opt/homebrew/bin\"\nif which swiftlint > /dev/null; then\n  swiftlint --config ../.swiftlint.yml\nelse\n  echo \"warning: SwiftLint not installed, download from https:***REMOVED***github.com/realm/SwiftLint\"\nfi\n";
		***REMOVED***;
/* End PBXShellScriptBuildPhase section */

/* Begin PBXSourcesBuildPhase section */
		88AD13712834355000500B2E /* Sources */ = {
			isa = PBXSourcesBuildPhase;
			buildActionMask = 2147483647;
			files = (
				88AD138E283443F800500B2E /* MapItemView.swift in Sources */,
				88AD137B2834355000500B2E /* SigninView.swift in Sources */,
				88D24DF4288F4BEB007A539C /* WebMapsView.swift in Sources */,
				88D24DF2288F2FA1007A539C /* HomeView.swift in Sources */,
				88D24DF8288F6002007A539C /* LoadableImageView.swift in Sources */,
				88D24DF0288F062D007A539C /* ProfileView.swift in Sources */,
				88AD13792834355000500B2E /* AuthenticationApp.swift in Sources */,
				88D24DF6288F5BAE007A539C /* UserView.swift in Sources */,
			);
			runOnlyForDeploymentPostprocessing = 0;
		***REMOVED***;
/* End PBXSourcesBuildPhase section */

/* Begin XCBuildConfiguration section */
		88AD13812834355100500B2E /* Debug */ = {
			isa = XCBuildConfiguration;
			buildSettings = {
				ALWAYS_SEARCH_USER_PATHS = NO;
				CLANG_ANALYZER_NONNULL = YES;
				CLANG_ANALYZER_NUMBER_OBJECT_CONVERSION = YES_AGGRESSIVE;
				CLANG_CXX_LANGUAGE_STANDARD = "gnu++17";
				CLANG_CXX_LIBRARY = "libc++";
				CLANG_ENABLE_MODULES = YES;
				CLANG_ENABLE_OBJC_ARC = YES;
				CLANG_ENABLE_OBJC_WEAK = YES;
				CLANG_WARN_BLOCK_CAPTURE_AUTORELEASING = YES;
				CLANG_WARN_BOOL_CONVERSION = YES;
				CLANG_WARN_COMMA = YES;
				CLANG_WARN_CONSTANT_CONVERSION = YES;
				CLANG_WARN_DEPRECATED_OBJC_IMPLEMENTATIONS = YES;
				CLANG_WARN_DIRECT_OBJC_ISA_USAGE = YES_ERROR;
				CLANG_WARN_DOCUMENTATION_COMMENTS = YES;
				CLANG_WARN_EMPTY_BODY = YES;
				CLANG_WARN_ENUM_CONVERSION = YES;
				CLANG_WARN_INFINITE_RECURSION = YES;
				CLANG_WARN_INT_CONVERSION = YES;
				CLANG_WARN_NON_LITERAL_NULL_CONVERSION = YES;
				CLANG_WARN_OBJC_IMPLICIT_RETAIN_SELF = YES;
				CLANG_WARN_OBJC_LITERAL_CONVERSION = YES;
				CLANG_WARN_OBJC_ROOT_CLASS = YES_ERROR;
				CLANG_WARN_QUOTED_INCLUDE_IN_FRAMEWORK_HEADER = YES;
				CLANG_WARN_RANGE_LOOP_ANALYSIS = YES;
				CLANG_WARN_STRICT_PROTOTYPES = YES;
				CLANG_WARN_SUSPICIOUS_MOVE = YES;
				CLANG_WARN_UNGUARDED_AVAILABILITY = YES_AGGRESSIVE;
				CLANG_WARN_UNREACHABLE_CODE = YES;
				CLANG_WARN__DUPLICATE_METHOD_MATCH = YES;
				COPY_PHASE_STRIP = NO;
				DEBUG_INFORMATION_FORMAT = dwarf;
				ENABLE_STRICT_OBJC_MSGSEND = YES;
				ENABLE_TESTABILITY = YES;
				ENABLE_USER_SCRIPT_SANDBOXING = NO;
				GCC_C_LANGUAGE_STANDARD = gnu11;
				GCC_DYNAMIC_NO_PIC = NO;
				GCC_NO_COMMON_BLOCKS = YES;
				GCC_OPTIMIZATION_LEVEL = 0;
				GCC_PREPROCESSOR_DEFINITIONS = (
					"DEBUG=1",
					"$(inherited)",
				);
				GCC_WARN_64_TO_32_BIT_CONVERSION = YES;
				GCC_WARN_ABOUT_RETURN_TYPE = YES_ERROR;
				GCC_WARN_UNDECLARED_SELECTOR = YES;
				GCC_WARN_UNINITIALIZED_AUTOS = YES_AGGRESSIVE;
				GCC_WARN_UNUSED_FUNCTION = YES;
				GCC_WARN_UNUSED_VARIABLE = YES;
				IPHONEOS_DEPLOYMENT_TARGET = 16.0;
				MTL_ENABLE_DEBUG_INFO = INCLUDE_SOURCE;
				MTL_FAST_MATH = YES;
				ONLY_ACTIVE_ARCH = YES;
				SDKROOT = iphoneos;
				SWIFT_ACTIVE_COMPILATION_CONDITIONS = DEBUG;
				SWIFT_OPTIMIZATION_LEVEL = "-Onone";
				SWIFT_VERSION = 6.0;
			***REMOVED***;
			name = Debug;
		***REMOVED***;
		88AD13822834355100500B2E /* Release */ = {
			isa = XCBuildConfiguration;
			buildSettings = {
				ALWAYS_SEARCH_USER_PATHS = NO;
				CLANG_ANALYZER_NONNULL = YES;
				CLANG_ANALYZER_NUMBER_OBJECT_CONVERSION = YES_AGGRESSIVE;
				CLANG_CXX_LANGUAGE_STANDARD = "gnu++17";
				CLANG_CXX_LIBRARY = "libc++";
				CLANG_ENABLE_MODULES = YES;
				CLANG_ENABLE_OBJC_ARC = YES;
				CLANG_ENABLE_OBJC_WEAK = YES;
				CLANG_WARN_BLOCK_CAPTURE_AUTORELEASING = YES;
				CLANG_WARN_BOOL_CONVERSION = YES;
				CLANG_WARN_COMMA = YES;
				CLANG_WARN_CONSTANT_CONVERSION = YES;
				CLANG_WARN_DEPRECATED_OBJC_IMPLEMENTATIONS = YES;
				CLANG_WARN_DIRECT_OBJC_ISA_USAGE = YES_ERROR;
				CLANG_WARN_DOCUMENTATION_COMMENTS = YES;
				CLANG_WARN_EMPTY_BODY = YES;
				CLANG_WARN_ENUM_CONVERSION = YES;
				CLANG_WARN_INFINITE_RECURSION = YES;
				CLANG_WARN_INT_CONVERSION = YES;
				CLANG_WARN_NON_LITERAL_NULL_CONVERSION = YES;
				CLANG_WARN_OBJC_IMPLICIT_RETAIN_SELF = YES;
				CLANG_WARN_OBJC_LITERAL_CONVERSION = YES;
				CLANG_WARN_OBJC_ROOT_CLASS = YES_ERROR;
				CLANG_WARN_QUOTED_INCLUDE_IN_FRAMEWORK_HEADER = YES;
				CLANG_WARN_RANGE_LOOP_ANALYSIS = YES;
				CLANG_WARN_STRICT_PROTOTYPES = YES;
				CLANG_WARN_SUSPICIOUS_MOVE = YES;
				CLANG_WARN_UNGUARDED_AVAILABILITY = YES_AGGRESSIVE;
				CLANG_WARN_UNREACHABLE_CODE = YES;
				CLANG_WARN__DUPLICATE_METHOD_MATCH = YES;
				COPY_PHASE_STRIP = NO;
				DEBUG_INFORMATION_FORMAT = "dwarf-with-dsym";
				ENABLE_NS_ASSERTIONS = NO;
				ENABLE_STRICT_OBJC_MSGSEND = YES;
				ENABLE_USER_SCRIPT_SANDBOXING = NO;
				GCC_C_LANGUAGE_STANDARD = gnu11;
				GCC_NO_COMMON_BLOCKS = YES;
				GCC_WARN_64_TO_32_BIT_CONVERSION = YES;
				GCC_WARN_ABOUT_RETURN_TYPE = YES_ERROR;
				GCC_WARN_UNDECLARED_SELECTOR = YES;
				GCC_WARN_UNINITIALIZED_AUTOS = YES_AGGRESSIVE;
				GCC_WARN_UNUSED_FUNCTION = YES;
				GCC_WARN_UNUSED_VARIABLE = YES;
				IPHONEOS_DEPLOYMENT_TARGET = 16.0;
				MTL_ENABLE_DEBUG_INFO = NO;
				MTL_FAST_MATH = YES;
				SDKROOT = iphoneos;
				SWIFT_COMPILATION_MODE = wholemodule;
				SWIFT_OPTIMIZATION_LEVEL = "-O";
				SWIFT_VERSION = 6.0;
				VALIDATE_PRODUCT = YES;
			***REMOVED***;
			name = Release;
		***REMOVED***;
		88AD13842834355100500B2E /* Debug */ = {
			isa = XCBuildConfiguration;
			buildSettings = {
				ASSETCATALOG_COMPILER_APPICON_NAME = AppIcon;
				ASSETCATALOG_COMPILER_GLOBAL_ACCENT_COLOR_NAME = AccentColor;
				CODE_SIGN_ENTITLEMENTS = AuthenticationExample/AuthenticationExample.entitlements;
				CODE_SIGN_STYLE = Automatic;
				CURRENT_PROJECT_VERSION = 1;
				DEVELOPMENT_ASSET_PATHS = "\"AuthenticationExample/Preview Content\"";
				ENABLE_PREVIEWS = YES;
				ENABLE_USER_SCRIPT_SANDBOXING = NO;
				GENERATE_INFOPLIST_FILE = YES;
				INFOPLIST_FILE = AuthenticationExample/Info.plist;
				INFOPLIST_KEY_UIApplicationSceneManifest_Generation = YES;
				INFOPLIST_KEY_UIApplicationSupportsIndirectInputEvents = YES;
				INFOPLIST_KEY_UILaunchScreen_Generation = YES;
				INFOPLIST_KEY_UISupportedInterfaceOrientations_iPad = "UIInterfaceOrientationPortrait UIInterfaceOrientationPortraitUpsideDown UIInterfaceOrientationLandscapeLeft UIInterfaceOrientationLandscapeRight";
				INFOPLIST_KEY_UISupportedInterfaceOrientations_iPhone = "UIInterfaceOrientationPortrait UIInterfaceOrientationLandscapeLeft UIInterfaceOrientationLandscapeRight";
				LD_RUNPATH_SEARCH_PATHS = (
					"$(inherited)",
					"@executable_path/Frameworks",
				);
				MARKETING_VERSION = 200.5.0;
				PRODUCT_BUNDLE_IDENTIFIER = com.esri.Authentication;
				PRODUCT_NAME = "$(TARGET_NAME)";
				SUPPORTED_PLATFORMS = "iphoneos iphonesimulator";
				SUPPORTS_MACCATALYST = YES;
				SUPPORTS_MAC_DESIGNED_FOR_IPHONE_IPAD = NO;
				SWIFT_EMIT_LOC_STRINGS = YES;
				SWIFT_STRICT_CONCURRENCY = complete;
				SWIFT_VERSION = 6.0;
				TARGETED_DEVICE_FAMILY = "1,2";
			***REMOVED***;
			name = Debug;
		***REMOVED***;
		88AD13852834355100500B2E /* Release */ = {
			isa = XCBuildConfiguration;
			buildSettings = {
				ASSETCATALOG_COMPILER_APPICON_NAME = AppIcon;
				ASSETCATALOG_COMPILER_GLOBAL_ACCENT_COLOR_NAME = AccentColor;
				CODE_SIGN_ENTITLEMENTS = AuthenticationExample/AuthenticationExample.entitlements;
				CODE_SIGN_STYLE = Automatic;
				CURRENT_PROJECT_VERSION = 1;
				DEVELOPMENT_ASSET_PATHS = "\"AuthenticationExample/Preview Content\"";
				ENABLE_PREVIEWS = YES;
				ENABLE_USER_SCRIPT_SANDBOXING = NO;
				GENERATE_INFOPLIST_FILE = YES;
				INFOPLIST_FILE = AuthenticationExample/Info.plist;
				INFOPLIST_KEY_UIApplicationSceneManifest_Generation = YES;
				INFOPLIST_KEY_UIApplicationSupportsIndirectInputEvents = YES;
				INFOPLIST_KEY_UILaunchScreen_Generation = YES;
				INFOPLIST_KEY_UISupportedInterfaceOrientations_iPad = "UIInterfaceOrientationPortrait UIInterfaceOrientationPortraitUpsideDown UIInterfaceOrientationLandscapeLeft UIInterfaceOrientationLandscapeRight";
				INFOPLIST_KEY_UISupportedInterfaceOrientations_iPhone = "UIInterfaceOrientationPortrait UIInterfaceOrientationLandscapeLeft UIInterfaceOrientationLandscapeRight";
				LD_RUNPATH_SEARCH_PATHS = (
					"$(inherited)",
					"@executable_path/Frameworks",
				);
				MARKETING_VERSION = 200.5.0;
				PRODUCT_BUNDLE_IDENTIFIER = com.esri.Authentication;
				PRODUCT_NAME = "$(TARGET_NAME)";
				SUPPORTED_PLATFORMS = "iphoneos iphonesimulator";
				SUPPORTS_MACCATALYST = YES;
				SUPPORTS_MAC_DESIGNED_FOR_IPHONE_IPAD = NO;
				SWIFT_EMIT_LOC_STRINGS = YES;
				SWIFT_STRICT_CONCURRENCY = complete;
				SWIFT_VERSION = 6.0;
				TARGETED_DEVICE_FAMILY = "1,2";
			***REMOVED***;
			name = Release;
		***REMOVED***;
/* End XCBuildConfiguration section */

/* Begin XCConfigurationList section */
		88AD13702834355000500B2E /* Build configuration list for PBXProject "AuthenticationExample" */ = {
			isa = XCConfigurationList;
			buildConfigurations = (
				88AD13812834355100500B2E /* Debug */,
				88AD13822834355100500B2E /* Release */,
			);
			defaultConfigurationIsVisible = 0;
			defaultConfigurationName = Release;
		***REMOVED***;
		88AD13832834355100500B2E /* Build configuration list for PBXNativeTarget "AuthenticationExample" */ = {
			isa = XCConfigurationList;
			buildConfigurations = (
				88AD13842834355100500B2E /* Debug */,
				88AD13852834355100500B2E /* Release */,
			);
			defaultConfigurationIsVisible = 0;
			defaultConfigurationName = Release;
		***REMOVED***;
/* End XCConfigurationList section */

/* Begin XCSwiftPackageProductDependency section */
		88AD13892834366100500B2E /* ArcGISToolkit */ = {
			isa = XCSwiftPackageProductDependency;
			productName = ArcGISToolkit;
		***REMOVED***;
/* End XCSwiftPackageProductDependency section */
	***REMOVED***;
	rootObject = 88AD136D2834355000500B2E /* Project object */;
***REMOVED***
