***REMOVED*** !$*UTF8*$!
{
	archiveVersion = 1;
	classes = {
	***REMOVED***;
	objectVersion = 56;
	objects = {

/* Begin PBXBuildFile section */
		88140D5D2A8BD940003F55D4 /* JobManagerExampleApp.swift in Sources */ = {isa = PBXBuildFile; fileRef = 88140D5C2A8BD940003F55D4 /* JobManagerExampleApp.swift */; ***REMOVED***;
		88140D5F2A8BD940003F55D4 /* JobManagerExampleView.swift in Sources */ = {isa = PBXBuildFile; fileRef = 88140D5E2A8BD940003F55D4 /* JobManagerExampleView.swift */; ***REMOVED***;
		88140D612A8BD941003F55D4 /* Assets.xcassets in Resources */ = {isa = PBXBuildFile; fileRef = 88140D602A8BD941003F55D4 /* Assets.xcassets */; ***REMOVED***;
		88140D642A8BD941003F55D4 /* Preview Assets.xcassets in Resources */ = {isa = PBXBuildFile; fileRef = 88140D632A8BD941003F55D4 /* Preview Assets.xcassets */; ***REMOVED***;
		88140D6D2A8BDCBE003F55D4 /* ArcGISToolkit in Frameworks */ = {isa = PBXBuildFile; productRef = 88140D6C2A8BDCBE003F55D4 /* ArcGISToolkit */; ***REMOVED***;
		88140D702A8D5845003F55D4 /* View.swift in Sources */ = {isa = PBXBuildFile; fileRef = 88140D6F2A8D5845003F55D4 /* View.swift */; ***REMOVED***;
/* End PBXBuildFile section */

/* Begin PBXFileReference section */
		88140D592A8BD940003F55D4 /* JobManagerExample.app */ = {isa = PBXFileReference; explicitFileType = wrapper.application; includeInIndex = 0; path = JobManagerExample.app; sourceTree = BUILT_PRODUCTS_DIR; ***REMOVED***;
		88140D5C2A8BD940003F55D4 /* JobManagerExampleApp.swift */ = {isa = PBXFileReference; lastKnownFileType = sourcecode.swift; path = JobManagerExampleApp.swift; sourceTree = "<group>"; ***REMOVED***;
		88140D5E2A8BD940003F55D4 /* JobManagerExampleView.swift */ = {isa = PBXFileReference; lastKnownFileType = sourcecode.swift; path = JobManagerExampleView.swift; sourceTree = "<group>"; ***REMOVED***;
		88140D602A8BD941003F55D4 /* Assets.xcassets */ = {isa = PBXFileReference; lastKnownFileType = folder.assetcatalog; path = Assets.xcassets; sourceTree = "<group>"; ***REMOVED***;
		88140D632A8BD941003F55D4 /* Preview Assets.xcassets */ = {isa = PBXFileReference; lastKnownFileType = folder.assetcatalog; path = "Preview Assets.xcassets"; sourceTree = "<group>"; ***REMOVED***;
		88140D6A2A8BDC75003F55D4 /* arcgis-maps-sdk-swift-toolkit */ = {isa = PBXFileReference; lastKnownFileType = wrapper; name = "arcgis-maps-sdk-swift-toolkit"; path = ..; sourceTree = "<group>"; ***REMOVED***;
		88140D6E2A8C1312003F55D4 /* Info.plist */ = {isa = PBXFileReference; lastKnownFileType = text.plist; path = Info.plist; sourceTree = "<group>"; ***REMOVED***;
		88140D6F2A8D5845003F55D4 /* View.swift */ = {isa = PBXFileReference; lastKnownFileType = sourcecode.swift; path = View.swift; sourceTree = "<group>"; ***REMOVED***;
/* End PBXFileReference section */

/* Begin PBXFrameworksBuildPhase section */
		88140D562A8BD940003F55D4 /* Frameworks */ = {
			isa = PBXFrameworksBuildPhase;
			buildActionMask = 2147483647;
			files = (
				88140D6D2A8BDCBE003F55D4 /* ArcGISToolkit in Frameworks */,
			);
			runOnlyForDeploymentPostprocessing = 0;
		***REMOVED***;
/* End PBXFrameworksBuildPhase section */

/* Begin PBXGroup section */
		88140D502A8BD940003F55D4 = {
			isa = PBXGroup;
			children = (
				88140D6A2A8BDC75003F55D4 /* arcgis-maps-sdk-swift-toolkit */,
				88140D5B2A8BD940003F55D4 /* JobManagerExample */,
				88140D5A2A8BD940003F55D4 /* Products */,
				88140D6B2A8BDCBE003F55D4 /* Frameworks */,
			);
			sourceTree = "<group>";
		***REMOVED***;
		88140D5A2A8BD940003F55D4 /* Products */ = {
			isa = PBXGroup;
			children = (
				88140D592A8BD940003F55D4 /* JobManagerExample.app */,
			);
			name = Products;
			sourceTree = "<group>";
		***REMOVED***;
		88140D5B2A8BD940003F55D4 /* JobManagerExample */ = {
			isa = PBXGroup;
			children = (
				88140D6E2A8C1312003F55D4 /* Info.plist */,
				88140D5C2A8BD940003F55D4 /* JobManagerExampleApp.swift */,
				88140D5E2A8BD940003F55D4 /* JobManagerExampleView.swift */,
				88140D602A8BD941003F55D4 /* Assets.xcassets */,
				88140D622A8BD941003F55D4 /* Preview Content */,
				88140D6F2A8D5845003F55D4 /* View.swift */,
			);
			path = JobManagerExample;
			sourceTree = "<group>";
		***REMOVED***;
		88140D622A8BD941003F55D4 /* Preview Content */ = {
			isa = PBXGroup;
			children = (
				88140D632A8BD941003F55D4 /* Preview Assets.xcassets */,
			);
			path = "Preview Content";
			sourceTree = "<group>";
		***REMOVED***;
		88140D6B2A8BDCBE003F55D4 /* Frameworks */ = {
			isa = PBXGroup;
			children = (
			);
			name = Frameworks;
			sourceTree = "<group>";
		***REMOVED***;
/* End PBXGroup section */

/* Begin PBXNativeTarget section */
		88140D582A8BD940003F55D4 /* JobManagerExample */ = {
			isa = PBXNativeTarget;
			buildConfigurationList = 88140D672A8BD941003F55D4 /* Build configuration list for PBXNativeTarget "JobManagerExample" */;
			buildPhases = (
				88140D552A8BD940003F55D4 /* Sources */,
				88140D562A8BD940003F55D4 /* Frameworks */,
				88140D572A8BD940003F55D4 /* Resources */,
				8AA526712BCF18A4007D28B1 /* Lint Sources */,
			);
			buildRules = (
			);
			dependencies = (
			);
			name = JobManagerExample;
			packageProductDependencies = (
				88140D6C2A8BDCBE003F55D4 /* ArcGISToolkit */,
			);
			productName = JobManagerExample;
			productReference = 88140D592A8BD940003F55D4 /* JobManagerExample.app */;
			productType = "com.apple.product-type.application";
		***REMOVED***;
/* End PBXNativeTarget section */

/* Begin PBXProject section */
		88140D512A8BD940003F55D4 /* Project object */ = {
			isa = PBXProject;
			attributes = {
				BuildIndependentTargetsInParallel = 1;
				LastSwiftUpdateCheck = 1430;
				LastUpgradeCheck = 1430;
				TargetAttributes = {
					88140D582A8BD940003F55D4 = {
						CreatedOnToolsVersion = 14.3.1;
					***REMOVED***;
				***REMOVED***;
			***REMOVED***;
			buildConfigurationList = 88140D542A8BD940003F55D4 /* Build configuration list for PBXProject "JobManagerExample" */;
			compatibilityVersion = "Xcode 14.0";
			developmentRegion = en;
			hasScannedForEncodings = 0;
			knownRegions = (
				en,
				Base,
			);
			mainGroup = 88140D502A8BD940003F55D4;
			productRefGroup = 88140D5A2A8BD940003F55D4 /* Products */;
			projectDirPath = "";
			projectRoot = "";
			targets = (
				88140D582A8BD940003F55D4 /* JobManagerExample */,
			);
		***REMOVED***;
/* End PBXProject section */

/* Begin PBXResourcesBuildPhase section */
		88140D572A8BD940003F55D4 /* Resources */ = {
			isa = PBXResourcesBuildPhase;
			buildActionMask = 2147483647;
			files = (
				88140D642A8BD941003F55D4 /* Preview Assets.xcassets in Resources */,
				88140D612A8BD941003F55D4 /* Assets.xcassets in Resources */,
			);
			runOnlyForDeploymentPostprocessing = 0;
		***REMOVED***;
/* End PBXResourcesBuildPhase section */

/* Begin PBXShellScriptBuildPhase section */
		8AA526712BCF18A4007D28B1 /* Lint Sources */ = {
			isa = PBXShellScriptBuildPhase;
			alwaysOutOfDate = 1;
			buildActionMask = 2147483647;
			files = (
			);
			inputFileListPaths = (
			);
			inputPaths = (
			);
			name = "Lint Sources";
			outputFileListPaths = (
			);
			outputPaths = (
			);
			runOnlyForDeploymentPostprocessing = 0;
			shellPath = /bin/sh;
			shellScript = "export PATH=\"$PATH:/opt/homebrew/bin\"\nif which swiftlint > /dev/null; then\n  swiftlint --config ../.swiftlint.yml\nelse\n  echo \"warning: SwiftLint not installed, download from https:***REMOVED***github.com/realm/SwiftLint\"\nfi\n";
		***REMOVED***;
/* End PBXShellScriptBuildPhase section */

/* Begin PBXSourcesBuildPhase section */
		88140D552A8BD940003F55D4 /* Sources */ = {
			isa = PBXSourcesBuildPhase;
			buildActionMask = 2147483647;
			files = (
				88140D5F2A8BD940003F55D4 /* JobManagerExampleView.swift in Sources */,
				88140D5D2A8BD940003F55D4 /* JobManagerExampleApp.swift in Sources */,
				88140D702A8D5845003F55D4 /* View.swift in Sources */,
			);
			runOnlyForDeploymentPostprocessing = 0;
		***REMOVED***;
/* End PBXSourcesBuildPhase section */

/* Begin XCBuildConfiguration section */
		88140D652A8BD941003F55D4 /* Debug */ = {
			isa = XCBuildConfiguration;
			buildSettings = {
				ALWAYS_SEARCH_USER_PATHS = NO;
				CLANG_ANALYZER_NONNULL = YES;
				CLANG_ANALYZER_NUMBER_OBJECT_CONVERSION = YES_AGGRESSIVE;
				CLANG_CXX_LANGUAGE_STANDARD = "gnu++20";
				CLANG_ENABLE_MODULES = YES;
				CLANG_ENABLE_OBJC_ARC = YES;
				CLANG_ENABLE_OBJC_WEAK = YES;
				CLANG_WARN_BLOCK_CAPTURE_AUTORELEASING = YES;
				CLANG_WARN_BOOL_CONVERSION = YES;
				CLANG_WARN_COMMA = YES;
				CLANG_WARN_CONSTANT_CONVERSION = YES;
				CLANG_WARN_DEPRECATED_OBJC_IMPLEMENTATIONS = YES;
				CLANG_WARN_DIRECT_OBJC_ISA_USAGE = YES_ERROR;
				CLANG_WARN_DOCUMENTATION_COMMENTS = YES;
				CLANG_WARN_EMPTY_BODY = YES;
				CLANG_WARN_ENUM_CONVERSION = YES;
				CLANG_WARN_INFINITE_RECURSION = YES;
				CLANG_WARN_INT_CONVERSION = YES;
				CLANG_WARN_NON_LITERAL_NULL_CONVERSION = YES;
				CLANG_WARN_OBJC_IMPLICIT_RETAIN_SELF = YES;
				CLANG_WARN_OBJC_LITERAL_CONVERSION = YES;
				CLANG_WARN_OBJC_ROOT_CLASS = YES_ERROR;
				CLANG_WARN_QUOTED_INCLUDE_IN_FRAMEWORK_HEADER = YES;
				CLANG_WARN_RANGE_LOOP_ANALYSIS = YES;
				CLANG_WARN_STRICT_PROTOTYPES = YES;
				CLANG_WARN_SUSPICIOUS_MOVE = YES;
				CLANG_WARN_UNGUARDED_AVAILABILITY = YES_AGGRESSIVE;
				CLANG_WARN_UNREACHABLE_CODE = YES;
				CLANG_WARN__DUPLICATE_METHOD_MATCH = YES;
				COPY_PHASE_STRIP = NO;
				DEBUG_INFORMATION_FORMAT = dwarf;
				ENABLE_STRICT_OBJC_MSGSEND = YES;
				ENABLE_TESTABILITY = YES;
				GCC_C_LANGUAGE_STANDARD = gnu11;
				GCC_DYNAMIC_NO_PIC = NO;
				GCC_NO_COMMON_BLOCKS = YES;
				GCC_OPTIMIZATION_LEVEL = 0;
				GCC_PREPROCESSOR_DEFINITIONS = (
					"DEBUG=1",
					"$(inherited)",
				);
				GCC_WARN_64_TO_32_BIT_CONVERSION = YES;
				GCC_WARN_ABOUT_RETURN_TYPE = YES_ERROR;
				GCC_WARN_UNDECLARED_SELECTOR = YES;
				GCC_WARN_UNINITIALIZED_AUTOS = YES_AGGRESSIVE;
				GCC_WARN_UNUSED_FUNCTION = YES;
				GCC_WARN_UNUSED_VARIABLE = YES;
				IPHONEOS_DEPLOYMENT_TARGET = 16.4;
				MTL_ENABLE_DEBUG_INFO = INCLUDE_SOURCE;
				MTL_FAST_MATH = YES;
				ONLY_ACTIVE_ARCH = YES;
				SDKROOT = iphoneos;
				SWIFT_ACTIVE_COMPILATION_CONDITIONS = DEBUG;
				SWIFT_OPTIMIZATION_LEVEL = "-Onone";
			***REMOVED***;
			name = Debug;
		***REMOVED***;
		88140D662A8BD941003F55D4 /* Release */ = {
			isa = XCBuildConfiguration;
			buildSettings = {
				ALWAYS_SEARCH_USER_PATHS = NO;
				CLANG_ANALYZER_NONNULL = YES;
				CLANG_ANALYZER_NUMBER_OBJECT_CONVERSION = YES_AGGRESSIVE;
				CLANG_CXX_LANGUAGE_STANDARD = "gnu++20";
				CLANG_ENABLE_MODULES = YES;
				CLANG_ENABLE_OBJC_ARC = YES;
				CLANG_ENABLE_OBJC_WEAK = YES;
				CLANG_WARN_BLOCK_CAPTURE_AUTORELEASING = YES;
				CLANG_WARN_BOOL_CONVERSION = YES;
				CLANG_WARN_COMMA = YES;
				CLANG_WARN_CONSTANT_CONVERSION = YES;
				CLANG_WARN_DEPRECATED_OBJC_IMPLEMENTATIONS = YES;
				CLANG_WARN_DIRECT_OBJC_ISA_USAGE = YES_ERROR;
				CLANG_WARN_DOCUMENTATION_COMMENTS = YES;
				CLANG_WARN_EMPTY_BODY = YES;
				CLANG_WARN_ENUM_CONVERSION = YES;
				CLANG_WARN_INFINITE_RECURSION = YES;
				CLANG_WARN_INT_CONVERSION = YES;
				CLANG_WARN_NON_LITERAL_NULL_CONVERSION = YES;
				CLANG_WARN_OBJC_IMPLICIT_RETAIN_SELF = YES;
				CLANG_WARN_OBJC_LITERAL_CONVERSION = YES;
				CLANG_WARN_OBJC_ROOT_CLASS = YES_ERROR;
				CLANG_WARN_QUOTED_INCLUDE_IN_FRAMEWORK_HEADER = YES;
				CLANG_WARN_RANGE_LOOP_ANALYSIS = YES;
				CLANG_WARN_STRICT_PROTOTYPES = YES;
				CLANG_WARN_SUSPICIOUS_MOVE = YES;
				CLANG_WARN_UNGUARDED_AVAILABILITY = YES_AGGRESSIVE;
				CLANG_WARN_UNREACHABLE_CODE = YES;
				CLANG_WARN__DUPLICATE_METHOD_MATCH = YES;
				COPY_PHASE_STRIP = NO;
				DEBUG_INFORMATION_FORMAT = "dwarf-with-dsym";
				ENABLE_NS_ASSERTIONS = NO;
				ENABLE_STRICT_OBJC_MSGSEND = YES;
				GCC_C_LANGUAGE_STANDARD = gnu11;
				GCC_NO_COMMON_BLOCKS = YES;
				GCC_WARN_64_TO_32_BIT_CONVERSION = YES;
				GCC_WARN_ABOUT_RETURN_TYPE = YES_ERROR;
				GCC_WARN_UNDECLARED_SELECTOR = YES;
				GCC_WARN_UNINITIALIZED_AUTOS = YES_AGGRESSIVE;
				GCC_WARN_UNUSED_FUNCTION = YES;
				GCC_WARN_UNUSED_VARIABLE = YES;
				IPHONEOS_DEPLOYMENT_TARGET = 16.4;
				MTL_ENABLE_DEBUG_INFO = NO;
				MTL_FAST_MATH = YES;
				SDKROOT = iphoneos;
				SWIFT_COMPILATION_MODE = wholemodule;
				SWIFT_OPTIMIZATION_LEVEL = "-O";
				VALIDATE_PRODUCT = YES;
			***REMOVED***;
			name = Release;
		***REMOVED***;
		88140D682A8BD941003F55D4 /* Debug */ = {
			isa = XCBuildConfiguration;
			buildSettings = {
				ASSETCATALOG_COMPILER_APPICON_NAME = AppIcon;
				ASSETCATALOG_COMPILER_GLOBAL_ACCENT_COLOR_NAME = AccentColor;
				CODE_SIGN_STYLE = Automatic;
				CURRENT_PROJECT_VERSION = 1;
				DEVELOPMENT_ASSET_PATHS = "\"JobManagerExample/Preview Content\"";
				ENABLE_PREVIEWS = YES;
				ENABLE_USER_SCRIPT_SANDBOXING = NO;
				GENERATE_INFOPLIST_FILE = YES;
				INFOPLIST_FILE = JobManagerExample/Info.plist;
				INFOPLIST_KEY_UIApplicationSceneManifest_Generation = YES;
				INFOPLIST_KEY_UIApplicationSupportsIndirectInputEvents = YES;
				INFOPLIST_KEY_UILaunchScreen_Generation = YES;
				INFOPLIST_KEY_UISupportedInterfaceOrientations_iPad = "UIInterfaceOrientationPortrait UIInterfaceOrientationPortraitUpsideDown UIInterfaceOrientationLandscapeLeft UIInterfaceOrientationLandscapeRight";
				INFOPLIST_KEY_UISupportedInterfaceOrientations_iPhone = "UIInterfaceOrientationPortrait UIInterfaceOrientationLandscapeLeft UIInterfaceOrientationLandscapeRight";
				IPHONEOS_DEPLOYMENT_TARGET = 16.0;
				LD_RUNPATH_SEARCH_PATHS = (
					"$(inherited)",
					"@executable_path/Frameworks",
				);
				MARKETING_VERSION = 200.4.0;
				PRODUCT_BUNDLE_IDENTIFIER = com.esri.JobManagerExample;
				PRODUCT_NAME = "$(TARGET_NAME)";
				SWIFT_EMIT_LOC_STRINGS = YES;
				SWIFT_VERSION = 5.0;
				TARGETED_DEVICE_FAMILY = "1,2";
			***REMOVED***;
			name = Debug;
		***REMOVED***;
		88140D692A8BD941003F55D4 /* Release */ = {
			isa = XCBuildConfiguration;
			buildSettings = {
				ASSETCATALOG_COMPILER_APPICON_NAME = AppIcon;
				ASSETCATALOG_COMPILER_GLOBAL_ACCENT_COLOR_NAME = AccentColor;
				CODE_SIGN_STYLE = Automatic;
				CURRENT_PROJECT_VERSION = 1;
				DEVELOPMENT_ASSET_PATHS = "\"JobManagerExample/Preview Content\"";
				ENABLE_PREVIEWS = YES;
				ENABLE_USER_SCRIPT_SANDBOXING = NO;
				GENERATE_INFOPLIST_FILE = YES;
				INFOPLIST_FILE = JobManagerExample/Info.plist;
				INFOPLIST_KEY_UIApplicationSceneManifest_Generation = YES;
				INFOPLIST_KEY_UIApplicationSupportsIndirectInputEvents = YES;
				INFOPLIST_KEY_UILaunchScreen_Generation = YES;
				INFOPLIST_KEY_UISupportedInterfaceOrientations_iPad = "UIInterfaceOrientationPortrait UIInterfaceOrientationPortraitUpsideDown UIInterfaceOrientationLandscapeLeft UIInterfaceOrientationLandscapeRight";
				INFOPLIST_KEY_UISupportedInterfaceOrientations_iPhone = "UIInterfaceOrientationPortrait UIInterfaceOrientationLandscapeLeft UIInterfaceOrientationLandscapeRight";
				IPHONEOS_DEPLOYMENT_TARGET = 16.0;
				LD_RUNPATH_SEARCH_PATHS = (
					"$(inherited)",
					"@executable_path/Frameworks",
				);
				MARKETING_VERSION = 200.4.0;
				PRODUCT_BUNDLE_IDENTIFIER = com.esri.JobManagerExample;
				PRODUCT_NAME = "$(TARGET_NAME)";
				SWIFT_EMIT_LOC_STRINGS = YES;
				SWIFT_VERSION = 5.0;
				TARGETED_DEVICE_FAMILY = "1,2";
			***REMOVED***;
			name = Release;
		***REMOVED***;
/* End XCBuildConfiguration section */

/* Begin XCConfigurationList section */
		88140D542A8BD940003F55D4 /* Build configuration list for PBXProject "JobManagerExample" */ = {
			isa = XCConfigurationList;
			buildConfigurations = (
				88140D652A8BD941003F55D4 /* Debug */,
				88140D662A8BD941003F55D4 /* Release */,
			);
			defaultConfigurationIsVisible = 0;
			defaultConfigurationName = Release;
		***REMOVED***;
		88140D672A8BD941003F55D4 /* Build configuration list for PBXNativeTarget "JobManagerExample" */ = {
			isa = XCConfigurationList;
			buildConfigurations = (
				88140D682A8BD941003F55D4 /* Debug */,
				88140D692A8BD941003F55D4 /* Release */,
			);
			defaultConfigurationIsVisible = 0;
			defaultConfigurationName = Release;
		***REMOVED***;
/* End XCConfigurationList section */

/* Begin XCSwiftPackageProductDependency section */
		88140D6C2A8BDCBE003F55D4 /* ArcGISToolkit */ = {
			isa = XCSwiftPackageProductDependency;
			productName = ArcGISToolkit;
		***REMOVED***;
/* End XCSwiftPackageProductDependency section */
	***REMOVED***;
	rootObject = 88140D512A8BD940003F55D4 /* Project object */;
***REMOVED***
