// !$*UTF8*$!
{
	archiveVersion = 1;
	classes = {
	};
	objectVersion = 77;
	objects = {

/* Begin PBXBuildFile section */
		1C40F3322B46118800C00ED5 /* WorldScaleExampleView.swift in Sources */ = {isa = PBXBuildFile; fileRef = 1C40F3312B46118800C00ED5 /* WorldScaleExampleView.swift */; };
		1CC376D42ABA0B3700A83300 /* TableTopExampleView.swift in Sources */ = {isa = PBXBuildFile; fileRef = 1CC376D32ABA0B3700A83300 /* TableTopExampleView.swift */; };
		4D19FCB52881C8F3002601E8 /* PopupExampleView.swift in Sources */ = {isa = PBXBuildFile; fileRef = 4D19FCB42881C8F3002601E8 /* PopupExampleView.swift */; };
		4D995CD72B5B01DB00AD45FE /* FeatureFormExampleView.swift in Sources */ = {isa = PBXBuildFile; fileRef = 75B615012AD76158009D19B6 /* FeatureFormExampleView.swift */; };
		75230DAE28614369009AF501 /* UtilityNetworkTraceExampleView.swift in Sources */ = {isa = PBXBuildFile; fileRef = 75230DAD28614369009AF501 /* UtilityNetworkTraceExampleView.swift */; };
		75657E4827ABAC8400EE865B /* CompassExampleView.swift in Sources */ = {isa = PBXBuildFile; fileRef = 75657E4727ABAC8400EE865B /* CompassExampleView.swift */; };
		75C37C9227BEDBD800FC9DCE /* BookmarksExampleView.swift in Sources */ = {isa = PBXBuildFile; fileRef = 75C37C9127BEDBD800FC9DCE /* BookmarksExampleView.swift */; };
		75D41B2B27C6F21400624D7C /* ScalebarExampleView.swift in Sources */ = {isa = PBXBuildFile; fileRef = 75D41B2A27C6F21400624D7C /* ScalebarExampleView.swift */; };
		882899FD2AB5099300A0BDC1 /* FlyoverExampleView.swift in Sources */ = {isa = PBXBuildFile; fileRef = 882899FC2AB5099300A0BDC1 /* FlyoverExampleView.swift */; };
		E42BFBE92672BF9500159107 /* SearchExampleView.swift in Sources */ = {isa = PBXBuildFile; fileRef = E42BFBE82672BF9500159107 /* SearchExampleView.swift */; };
		E4624A25278CE815000D2A38 /* FloorFilterExampleView.swift in Sources */ = {isa = PBXBuildFile; fileRef = E4624A24278CE815000D2A38 /* FloorFilterExampleView.swift */; };
		E47ABE442652FE0900FD2FE3 /* ExamplesApp.swift in Sources */ = {isa = PBXBuildFile; fileRef = E47ABE432652FE0900FD2FE3 /* ExamplesApp.swift */; };
		E47ABE482652FE0C00FD2FE3 /* Assets.xcassets in Resources */ = {isa = PBXBuildFile; fileRef = E47ABE472652FE0C00FD2FE3 /* Assets.xcassets */; };
		E47ABE4B2652FE0C00FD2FE3 /* Preview Assets.xcassets in Resources */ = {isa = PBXBuildFile; fileRef = E47ABE4A2652FE0C00FD2FE3 /* Preview Assets.xcassets */; };
		E48A73432658227100F5C118 /* Example.swift in Sources */ = {isa = PBXBuildFile; fileRef = E48A73402658227100F5C118 /* Example.swift */; };
		E48A73442658227100F5C118 /* AnyExample.swift in Sources */ = {isa = PBXBuildFile; fileRef = E48A73412658227100F5C118 /* AnyExample.swift */; };
		E48A73452658227100F5C118 /* Examples.swift in Sources */ = {isa = PBXBuildFile; fileRef = E48A733D2658227000F5C118 /* Examples.swift */; };
		E48A73462658227100F5C118 /* ExampleView.swift in Sources */ = {isa = PBXBuildFile; fileRef = E48A73422658227100F5C118 /* ExampleView.swift */; };
		E48A73472658227100F5C118 /* ExampleList.swift in Sources */ = {isa = PBXBuildFile; fileRef = E48A733E2658227100F5C118 /* ExampleList.swift */; };
		E4AA9316276BF5ED000E6289 /* FloatingPanelExampleView.swift in Sources */ = {isa = PBXBuildFile; fileRef = E4AA9315276BF5ED000E6289 /* FloatingPanelExampleView.swift */; };
		E4C389D526B8A12C002BC255 /* BasemapGalleryExampleView.swift in Sources */ = {isa = PBXBuildFile; fileRef = E4C389D426B8A12C002BC255 /* BasemapGalleryExampleView.swift */; };
		E4E57DC6265D8EB00077A093 /* ArcGISToolkit in Frameworks */ = {isa = PBXBuildFile; productRef = E4E57DC5265D8EB00077A093 /* ArcGISToolkit */; };
		E4F9BC99265EFCAF001280FF /* OverviewMapExampleView.swift in Sources */ = {isa = PBXBuildFile; fileRef = E4F9BC98265EFCAF001280FF /* OverviewMapExampleView.swift */; };
/* End PBXBuildFile section */

/* Begin PBXCopyFilesBuildPhase section */
		E47ABE5E2652FF1300FD2FE3 /* Embed Frameworks */ = {
			isa = PBXCopyFilesBuildPhase;
			buildActionMask = 2147483647;
			dstPath = "";
			dstSubfolderSpec = 10;
			files = (
			);
			name = "Embed Frameworks";
			runOnlyForDeploymentPostprocessing = 0;
		};
/* End PBXCopyFilesBuildPhase section */

/* Begin PBXFileReference section */
		1C40F3312B46118800C00ED5 /* WorldScaleExampleView.swift */ = {isa = PBXFileReference; lastKnownFileType = sourcecode.swift; path = WorldScaleExampleView.swift; sourceTree = "<group>"; };
		1CC376D32ABA0B3700A83300 /* TableTopExampleView.swift */ = {isa = PBXFileReference; lastKnownFileType = sourcecode.swift; path = TableTopExampleView.swift; sourceTree = "<group>"; };
		4D19FCB42881C8F3002601E8 /* PopupExampleView.swift */ = {isa = PBXFileReference; fileEncoding = 4; lastKnownFileType = sourcecode.swift; path = PopupExampleView.swift; sourceTree = "<group>"; };
		75230DAD28614369009AF501 /* UtilityNetworkTraceExampleView.swift */ = {isa = PBXFileReference; lastKnownFileType = sourcecode.swift; path = UtilityNetworkTraceExampleView.swift; sourceTree = "<group>"; };
		75657E4727ABAC8400EE865B /* CompassExampleView.swift */ = {isa = PBXFileReference; lastKnownFileType = sourcecode.swift; path = CompassExampleView.swift; sourceTree = "<group>"; };
		75B615012AD76158009D19B6 /* FeatureFormExampleView.swift */ = {isa = PBXFileReference; fileEncoding = 4; lastKnownFileType = sourcecode.swift; path = FeatureFormExampleView.swift; sourceTree = "<group>"; };
		75C37C9127BEDBD800FC9DCE /* BookmarksExampleView.swift */ = {isa = PBXFileReference; lastKnownFileType = sourcecode.swift; path = BookmarksExampleView.swift; sourceTree = "<group>"; };
		75D41B2A27C6F21400624D7C /* ScalebarExampleView.swift */ = {isa = PBXFileReference; lastKnownFileType = sourcecode.swift; path = ScalebarExampleView.swift; sourceTree = "<group>"; };
		882899FC2AB5099300A0BDC1 /* FlyoverExampleView.swift */ = {isa = PBXFileReference; lastKnownFileType = sourcecode.swift; path = FlyoverExampleView.swift; sourceTree = "<group>"; };
		E42BFBE82672BF9500159107 /* SearchExampleView.swift */ = {isa = PBXFileReference; lastKnownFileType = sourcecode.swift; path = SearchExampleView.swift; sourceTree = "<group>"; };
		E4624A24278CE815000D2A38 /* FloorFilterExampleView.swift */ = {isa = PBXFileReference; lastKnownFileType = sourcecode.swift; path = FloorFilterExampleView.swift; sourceTree = "<group>"; };
		E47ABE402652FE0900FD2FE3 /* Toolkit Examples.app */ = {isa = PBXFileReference; explicitFileType = wrapper.application; includeInIndex = 0; path = "Toolkit Examples.app"; sourceTree = BUILT_PRODUCTS_DIR; };
		E47ABE432652FE0900FD2FE3 /* ExamplesApp.swift */ = {isa = PBXFileReference; lastKnownFileType = sourcecode.swift; path = ExamplesApp.swift; sourceTree = "<group>"; };
		E47ABE472652FE0C00FD2FE3 /* Assets.xcassets */ = {isa = PBXFileReference; lastKnownFileType = folder.assetcatalog; path = Assets.xcassets; sourceTree = "<group>"; };
		E47ABE4A2652FE0C00FD2FE3 /* Preview Assets.xcassets */ = {isa = PBXFileReference; lastKnownFileType = folder.assetcatalog; path = "Preview Assets.xcassets"; sourceTree = "<group>"; };
		E47ABE4C2652FE0C00FD2FE3 /* Info.plist */ = {isa = PBXFileReference; lastKnownFileType = text.plist.xml; path = Info.plist; sourceTree = "<group>"; };
		E47ABE622653005F00FD2FE3 /* arcgis-maps-sdk-swift-toolkit */ = {isa = PBXFileReference; lastKnownFileType = folder; name = "arcgis-maps-sdk-swift-toolkit"; path = ..; sourceTree = "<group>"; };
		E48A733D2658227000F5C118 /* Examples.swift */ = {isa = PBXFileReference; lastKnownFileType = sourcecode.swift; path = Examples.swift; sourceTree = "<group>"; };
		E48A733E2658227100F5C118 /* ExampleList.swift */ = {isa = PBXFileReference; lastKnownFileType = sourcecode.swift; path = ExampleList.swift; sourceTree = "<group>"; };
		E48A733F2658227100F5C118 /* Examples.entitlements */ = {isa = PBXFileReference; lastKnownFileType = text.plist.entitlements; path = Examples.entitlements; sourceTree = "<group>"; };
		E48A73402658227100F5C118 /* Example.swift */ = {isa = PBXFileReference; lastKnownFileType = sourcecode.swift; path = Example.swift; sourceTree = "<group>"; };
		E48A73412658227100F5C118 /* AnyExample.swift */ = {isa = PBXFileReference; lastKnownFileType = sourcecode.swift; path = AnyExample.swift; sourceTree = "<group>"; };
		E48A73422658227100F5C118 /* ExampleView.swift */ = {isa = PBXFileReference; lastKnownFileType = sourcecode.swift; path = ExampleView.swift; sourceTree = "<group>"; };
		E4AA9315276BF5ED000E6289 /* FloatingPanelExampleView.swift */ = {isa = PBXFileReference; lastKnownFileType = sourcecode.swift; path = FloatingPanelExampleView.swift; sourceTree = "<group>"; };
		E4C389D426B8A12C002BC255 /* BasemapGalleryExampleView.swift */ = {isa = PBXFileReference; lastKnownFileType = sourcecode.swift; path = BasemapGalleryExampleView.swift; sourceTree = "<group>"; };
		E4F9BC98265EFCAF001280FF /* OverviewMapExampleView.swift */ = {isa = PBXFileReference; fileEncoding = 4; lastKnownFileType = sourcecode.swift; path = OverviewMapExampleView.swift; sourceTree = "<group>"; };
/* End PBXFileReference section */

/* Begin PBXFrameworksBuildPhase section */
		E47ABE3D2652FE0900FD2FE3 /* Frameworks */ = {
			isa = PBXFrameworksBuildPhase;
			buildActionMask = 2147483647;
			files = (
				E4E57DC6265D8EB00077A093 /* ArcGISToolkit in Frameworks */,
			);
			runOnlyForDeploymentPostprocessing = 0;
		};
/* End PBXFrameworksBuildPhase section */

/* Begin PBXGroup section */
		E40F58042656E509006F5CB9 /* Examples */ = {
			isa = PBXGroup;
			children = (
				E4C389D426B8A12C002BC255 /* BasemapGalleryExampleView.swift */,
				75C37C9127BEDBD800FC9DCE /* BookmarksExampleView.swift */,
				75657E4727ABAC8400EE865B /* CompassExampleView.swift */,
				75B615012AD76158009D19B6 /* FeatureFormExampleView.swift */,
				E4AA9315276BF5ED000E6289 /* FloatingPanelExampleView.swift */,
				E4624A24278CE815000D2A38 /* FloorFilterExampleView.swift */,
				882899FC2AB5099300A0BDC1 /* FlyoverExampleView.swift */,
				E4F9BC98265EFCAF001280FF /* OverviewMapExampleView.swift */,
				4D19FCB42881C8F3002601E8 /* PopupExampleView.swift */,
				75D41B2A27C6F21400624D7C /* ScalebarExampleView.swift */,
				E42BFBE82672BF9500159107 /* SearchExampleView.swift */,
				1CC376D32ABA0B3700A83300 /* TableTopExampleView.swift */,
				75230DAD28614369009AF501 /* UtilityNetworkTraceExampleView.swift */,
				1C40F3312B46118800C00ED5 /* WorldScaleExampleView.swift */,
			);
			name = Examples;
			sourceTree = "<group>";
		};
		E47ABE372652FE0900FD2FE3 = {
			isa = PBXGroup;
			children = (
				E47ABE622653005F00FD2FE3 /* arcgis-maps-sdk-swift-toolkit */,
				E47ABE562652FE7F00FD2FE3 /* Examples */,
				E47ABE422652FE0900FD2FE3 /* ExamplesApp */,
				E47ABE412652FE0900FD2FE3 /* Products */,
				E47ABE5A2652FF1200FD2FE3 /* Frameworks */,
			);
			sourceTree = "<group>";
		};
		E47ABE412652FE0900FD2FE3 /* Products */ = {
			isa = PBXGroup;
			children = (
				E47ABE402652FE0900FD2FE3 /* Toolkit Examples.app */,
			);
			name = Products;
			sourceTree = "<group>";
		};
		E47ABE422652FE0900FD2FE3 /* ExamplesApp */ = {
			isa = PBXGroup;
			children = (
				E48A73412658227100F5C118 /* AnyExample.swift */,
				E47ABE472652FE0C00FD2FE3 /* Assets.xcassets */,
				E48A73402658227100F5C118 /* Example.swift */,
				E48A733E2658227100F5C118 /* ExampleList.swift */,
				E48A733F2658227100F5C118 /* Examples.entitlements */,
				E48A733D2658227000F5C118 /* Examples.swift */,
				E47ABE432652FE0900FD2FE3 /* ExamplesApp.swift */,
				E48A73422658227100F5C118 /* ExampleView.swift */,
				E47ABE4C2652FE0C00FD2FE3 /* Info.plist */,
				E47ABE492652FE0C00FD2FE3 /* Preview Content */,
			);
			path = ExamplesApp;
			sourceTree = "<group>";
		};
		E47ABE492652FE0C00FD2FE3 /* Preview Content */ = {
			isa = PBXGroup;
			children = (
				E47ABE4A2652FE0C00FD2FE3 /* Preview Assets.xcassets */,
			);
			path = "Preview Content";
			sourceTree = "<group>";
		};
		E47ABE562652FE7F00FD2FE3 /* Examples */ = {
			isa = PBXGroup;
			children = (
				E40F58042656E509006F5CB9 /* Examples */,
			);
			path = Examples;
			sourceTree = "<group>";
		};
		E47ABE5A2652FF1200FD2FE3 /* Frameworks */ = {
			isa = PBXGroup;
			children = (
			);
			name = Frameworks;
			sourceTree = "<group>";
		};
/* End PBXGroup section */

/* Begin PBXNativeTarget section */
		E47ABE3F2652FE0900FD2FE3 /* Toolkit Examples */ = {
			isa = PBXNativeTarget;
			buildConfigurationList = E47ABE4F2652FE0C00FD2FE3 /* Build configuration list for PBXNativeTarget "Toolkit Examples" */;
			buildPhases = (
				E47ABE3C2652FE0900FD2FE3 /* Sources */,
				E47ABE3D2652FE0900FD2FE3 /* Frameworks */,
				E47ABE3E2652FE0900FD2FE3 /* Resources */,
				E47ABE5E2652FF1300FD2FE3 /* Embed Frameworks */,
				4DFDB9BB29367B7F00A0AC42 /* Lint Sources */,
			);
			buildRules = (
			);
			dependencies = (
			);
			name = "Toolkit Examples";
			packageProductDependencies = (
				E4E57DC5265D8EB00077A093 /* ArcGISToolkit */,
			);
			productName = Examples;
			productReference = E47ABE402652FE0900FD2FE3 /* Toolkit Examples.app */;
			productType = "com.apple.product-type.application";
		};
/* End PBXNativeTarget section */

/* Begin PBXProject section */
		E47ABE382652FE0900FD2FE3 /* Project object */ = {
			isa = PBXProject;
			attributes = {
				BuildIndependentTargetsInParallel = YES;
				LastSwiftUpdateCheck = 1250;
				LastUpgradeCheck = 1600;
				TargetAttributes = {
					E47ABE3F2652FE0900FD2FE3 = {
						CreatedOnToolsVersion = 12.5;
					};
				};
			};
			buildConfigurationList = E47ABE3B2652FE0900FD2FE3 /* Build configuration list for PBXProject "Examples" */;
			developmentRegion = en;
			hasScannedForEncodings = 0;
			knownRegions = (
				en,
				Base,
			);
			mainGroup = E47ABE372652FE0900FD2FE3;
			preferredProjectObjectVersion = 77;
			productRefGroup = E47ABE412652FE0900FD2FE3 /* Products */;
			projectDirPath = "";
			projectRoot = "";
			targets = (
				E47ABE3F2652FE0900FD2FE3 /* Toolkit Examples */,
			);
		};
/* End PBXProject section */

/* Begin PBXResourcesBuildPhase section */
		E47ABE3E2652FE0900FD2FE3 /* Resources */ = {
			isa = PBXResourcesBuildPhase;
			buildActionMask = 2147483647;
			files = (
				E47ABE4B2652FE0C00FD2FE3 /* Preview Assets.xcassets in Resources */,
				E47ABE482652FE0C00FD2FE3 /* Assets.xcassets in Resources */,
			);
			runOnlyForDeploymentPostprocessing = 0;
		};
/* End PBXResourcesBuildPhase section */

/* Begin PBXShellScriptBuildPhase section */
		4DFDB9BB29367B7F00A0AC42 /* Lint Sources */ = {
			isa = PBXShellScriptBuildPhase;
			alwaysOutOfDate = 1;
			buildActionMask = 2147483647;
			files = (
			);
			inputFileListPaths = (
			);
			inputPaths = (
			);
			name = "Lint Sources";
			outputFileListPaths = (
			);
			outputPaths = (
			);
			runOnlyForDeploymentPostprocessing = 0;
			shellPath = /bin/sh;
			shellScript = "export PATH=\"$PATH:/opt/homebrew/bin\"\nif which swiftlint > /dev/null; then\n  swiftlint --config ../.swiftlint.yml\nelse\n  echo \"warning: SwiftLint not installed, download from https://github.com/realm/SwiftLint\"\nfi\n";
		};
/* End PBXShellScriptBuildPhase section */

/* Begin PBXSourcesBuildPhase section */
		E47ABE3C2652FE0900FD2FE3 /* Sources */ = {
			isa = PBXSourcesBuildPhase;
			buildActionMask = 2147483647;
			files = (
				4D995CD72B5B01DB00AD45FE /* FeatureFormExampleView.swift in Sources */,
				1C40F3322B46118800C00ED5 /* WorldScaleExampleView.swift in Sources */,
				1CC376D42ABA0B3700A83300 /* TableTopExampleView.swift in Sources */,
				75657E4827ABAC8400EE865B /* CompassExampleView.swift in Sources */,
				E48A73452658227100F5C118 /* Examples.swift in Sources */,
				75C37C9227BEDBD800FC9DCE /* BookmarksExampleView.swift in Sources */,
				75230DAE28614369009AF501 /* UtilityNetworkTraceExampleView.swift in Sources */,
				E48A73432658227100F5C118 /* Example.swift in Sources */,
				E47ABE442652FE0900FD2FE3 /* ExamplesApp.swift in Sources */,
				E4F9BC99265EFCAF001280FF /* OverviewMapExampleView.swift in Sources */,
				E4AA9316276BF5ED000E6289 /* FloatingPanelExampleView.swift in Sources */,
				E48A73442658227100F5C118 /* AnyExample.swift in Sources */,
				E48A73472658227100F5C118 /* ExampleList.swift in Sources */,
				E4624A25278CE815000D2A38 /* FloorFilterExampleView.swift in Sources */,
				4D19FCB52881C8F3002601E8 /* PopupExampleView.swift in Sources */,
				882899FD2AB5099300A0BDC1 /* FlyoverExampleView.swift in Sources */,
				E48A73462658227100F5C118 /* ExampleView.swift in Sources */,
				E42BFBE92672BF9500159107 /* SearchExampleView.swift in Sources */,
				E4C389D526B8A12C002BC255 /* BasemapGalleryExampleView.swift in Sources */,
				75D41B2B27C6F21400624D7C /* ScalebarExampleView.swift in Sources */,
			);
			runOnlyForDeploymentPostprocessing = 0;
		};
/* End PBXSourcesBuildPhase section */

/* Begin XCBuildConfiguration section */
		E47ABE4D2652FE0C00FD2FE3 /* Debug */ = {
			isa = XCBuildConfiguration;
			buildSettings = {
				ALWAYS_SEARCH_USER_PATHS = NO;
				CLANG_ANALYZER_NONNULL = YES;
				CLANG_ANALYZER_NUMBER_OBJECT_CONVERSION = YES_AGGRESSIVE;
				CLANG_CXX_LANGUAGE_STANDARD = "gnu++14";
				CLANG_CXX_LIBRARY = "libc++";
				CLANG_ENABLE_MODULES = YES;
				CLANG_ENABLE_OBJC_ARC = YES;
				CLANG_ENABLE_OBJC_WEAK = YES;
				CLANG_WARN_BLOCK_CAPTURE_AUTORELEASING = YES;
				CLANG_WARN_BOOL_CONVERSION = YES;
				CLANG_WARN_COMMA = YES;
				CLANG_WARN_CONSTANT_CONVERSION = YES;
				CLANG_WARN_DEPRECATED_OBJC_IMPLEMENTATIONS = YES;
				CLANG_WARN_DIRECT_OBJC_ISA_USAGE = YES_ERROR;
				CLANG_WARN_DOCUMENTATION_COMMENTS = YES;
				CLANG_WARN_EMPTY_BODY = YES;
				CLANG_WARN_ENUM_CONVERSION = YES;
				CLANG_WARN_INFINITE_RECURSION = YES;
				CLANG_WARN_INT_CONVERSION = YES;
				CLANG_WARN_NON_LITERAL_NULL_CONVERSION = YES;
				CLANG_WARN_OBJC_IMPLICIT_RETAIN_SELF = YES;
				CLANG_WARN_OBJC_LITERAL_CONVERSION = YES;
				CLANG_WARN_OBJC_ROOT_CLASS = YES_ERROR;
				CLANG_WARN_QUOTED_INCLUDE_IN_FRAMEWORK_HEADER = YES;
				CLANG_WARN_RANGE_LOOP_ANALYSIS = YES;
				CLANG_WARN_STRICT_PROTOTYPES = YES;
				CLANG_WARN_SUSPICIOUS_MOVE = YES;
				CLANG_WARN_UNGUARDED_AVAILABILITY = YES_AGGRESSIVE;
				CLANG_WARN_UNREACHABLE_CODE = YES;
				CLANG_WARN__DUPLICATE_METHOD_MATCH = YES;
				COPY_PHASE_STRIP = NO;
				DEBUG_INFORMATION_FORMAT = dwarf;
				ENABLE_STRICT_OBJC_MSGSEND = YES;
				ENABLE_TESTABILITY = YES;
				ENABLE_USER_SCRIPT_SANDBOXING = NO;
				GCC_C_LANGUAGE_STANDARD = gnu11;
				GCC_DYNAMIC_NO_PIC = NO;
				GCC_NO_COMMON_BLOCKS = YES;
				GCC_OPTIMIZATION_LEVEL = 0;
				GCC_PREPROCESSOR_DEFINITIONS = (
					"DEBUG=1",
					"$(inherited)",
				);
				GCC_WARN_64_TO_32_BIT_CONVERSION = YES;
				GCC_WARN_ABOUT_RETURN_TYPE = YES_ERROR;
				GCC_WARN_UNDECLARED_SELECTOR = YES;
				GCC_WARN_UNINITIALIZED_AUTOS = YES_AGGRESSIVE;
				GCC_WARN_UNUSED_FUNCTION = YES;
				GCC_WARN_UNUSED_VARIABLE = YES;
				IPHONEOS_DEPLOYMENT_TARGET = 16.0;
				MTL_ENABLE_DEBUG_INFO = INCLUDE_SOURCE;
				MTL_FAST_MATH = YES;
				ONLY_ACTIVE_ARCH = YES;
				SDKROOT = iphoneos;
				SWIFT_ACTIVE_COMPILATION_CONDITIONS = DEBUG;
				SWIFT_OPTIMIZATION_LEVEL = "-Onone";
				SWIFT_VERSION = 6.0;
			};
			name = Debug;
		};
		E47ABE4E2652FE0C00FD2FE3 /* Release */ = {
			isa = XCBuildConfiguration;
			buildSettings = {
				ALWAYS_SEARCH_USER_PATHS = NO;
				CLANG_ANALYZER_NONNULL = YES;
				CLANG_ANALYZER_NUMBER_OBJECT_CONVERSION = YES_AGGRESSIVE;
				CLANG_CXX_LANGUAGE_STANDARD = "gnu++14";
				CLANG_CXX_LIBRARY = "libc++";
				CLANG_ENABLE_MODULES = YES;
				CLANG_ENABLE_OBJC_ARC = YES;
				CLANG_ENABLE_OBJC_WEAK = YES;
				CLANG_WARN_BLOCK_CAPTURE_AUTORELEASING = YES;
				CLANG_WARN_BOOL_CONVERSION = YES;
				CLANG_WARN_COMMA = YES;
				CLANG_WARN_CONSTANT_CONVERSION = YES;
				CLANG_WARN_DEPRECATED_OBJC_IMPLEMENTATIONS = YES;
				CLANG_WARN_DIRECT_OBJC_ISA_USAGE = YES_ERROR;
				CLANG_WARN_DOCUMENTATION_COMMENTS = YES;
				CLANG_WARN_EMPTY_BODY = YES;
				CLANG_WARN_ENUM_CONVERSION = YES;
				CLANG_WARN_INFINITE_RECURSION = YES;
				CLANG_WARN_INT_CONVERSION = YES;
				CLANG_WARN_NON_LITERAL_NULL_CONVERSION = YES;
				CLANG_WARN_OBJC_IMPLICIT_RETAIN_SELF = YES;
				CLANG_WARN_OBJC_LITERAL_CONVERSION = YES;
				CLANG_WARN_OBJC_ROOT_CLASS = YES_ERROR;
				CLANG_WARN_QUOTED_INCLUDE_IN_FRAMEWORK_HEADER = YES;
				CLANG_WARN_RANGE_LOOP_ANALYSIS = YES;
				CLANG_WARN_STRICT_PROTOTYPES = YES;
				CLANG_WARN_SUSPICIOUS_MOVE = YES;
				CLANG_WARN_UNGUARDED_AVAILABILITY = YES_AGGRESSIVE;
				CLANG_WARN_UNREACHABLE_CODE = YES;
				CLANG_WARN__DUPLICATE_METHOD_MATCH = YES;
				COPY_PHASE_STRIP = NO;
				DEBUG_INFORMATION_FORMAT = "dwarf-with-dsym";
				ENABLE_NS_ASSERTIONS = NO;
				ENABLE_STRICT_OBJC_MSGSEND = YES;
				ENABLE_USER_SCRIPT_SANDBOXING = NO;
				GCC_C_LANGUAGE_STANDARD = gnu11;
				GCC_NO_COMMON_BLOCKS = YES;
				GCC_WARN_64_TO_32_BIT_CONVERSION = YES;
				GCC_WARN_ABOUT_RETURN_TYPE = YES_ERROR;
				GCC_WARN_UNDECLARED_SELECTOR = YES;
				GCC_WARN_UNINITIALIZED_AUTOS = YES_AGGRESSIVE;
				GCC_WARN_UNUSED_FUNCTION = YES;
				GCC_WARN_UNUSED_VARIABLE = YES;
				IPHONEOS_DEPLOYMENT_TARGET = 16.0;
				MTL_ENABLE_DEBUG_INFO = NO;
				MTL_FAST_MATH = YES;
				SDKROOT = iphoneos;
				SWIFT_COMPILATION_MODE = wholemodule;
				SWIFT_OPTIMIZATION_LEVEL = "-O";
				SWIFT_VERSION = 6.0;
				VALIDATE_PRODUCT = YES;
			};
			name = Release;
		};
		E47ABE502652FE0C00FD2FE3 /* Debug */ = {
			isa = XCBuildConfiguration;
			buildSettings = {
				ASSETCATALOG_COMPILER_APPICON_NAME = AppIcon;
				ASSETCATALOG_COMPILER_GLOBAL_ACCENT_COLOR_NAME = AccentColor;
				CODE_SIGN_ENTITLEMENTS = ExamplesApp/Examples.entitlements;
				CODE_SIGN_STYLE = Automatic;
				CURRENT_PROJECT_VERSION = 1;
				DEVELOPMENT_ASSET_PATHS = "\"ExamplesApp/Preview Content\"";
				DEVELOPMENT_TEAM = "";
				"ENABLE_HARDENED_RUNTIME[sdk=macosx*]" = YES;
				ENABLE_PREVIEWS = YES;
				ENABLE_USER_SCRIPT_SANDBOXING = NO;
				INFOPLIST_FILE = ExamplesApp/Info.plist;
				IPHONEOS_DEPLOYMENT_TARGET = 16.0;
				"IPHONEOS_DEPLOYMENT_TARGET[sdk=macosx*]" = 16.0;
				LD_RUNPATH_SEARCH_PATHS = (
					"$(inherited)",
					"@executable_path/Frameworks",
				);
				MARKETING_VERSION = 200.5.0;
				PRODUCT_BUNDLE_IDENTIFIER = "com.esri.arcgis-swift-sdk-toolkit-examples";
				PRODUCT_NAME = "$(TARGET_NAME)";
				SUPPORTED_PLATFORMS = "iphoneos iphonesimulator";
				SUPPORTS_MACCATALYST = YES;
				SUPPORTS_MAC_DESIGNED_FOR_IPHONE_IPAD = NO;
				SWIFT_STRICT_CONCURRENCY = complete;
				SWIFT_VERSION = 6.0;
				TARGETED_DEVICE_FAMILY = "1,2,6";
			};
			name = Debug;
		};
		E47ABE512652FE0C00FD2FE3 /* Release */ = {
			isa = XCBuildConfiguration;
			buildSettings = {
				ASSETCATALOG_COMPILER_APPICON_NAME = AppIcon;
				ASSETCATALOG_COMPILER_GLOBAL_ACCENT_COLOR_NAME = AccentColor;
				CODE_SIGN_ENTITLEMENTS = ExamplesApp/Examples.entitlements;
				CODE_SIGN_STYLE = Automatic;
				CURRENT_PROJECT_VERSION = 1;
				DEVELOPMENT_ASSET_PATHS = "\"ExamplesApp/Preview Content\"";
				DEVELOPMENT_TEAM = "";
				"ENABLE_HARDENED_RUNTIME[sdk=macosx*]" = YES;
				ENABLE_PREVIEWS = YES;
				ENABLE_USER_SCRIPT_SANDBOXING = NO;
				INFOPLIST_FILE = ExamplesApp/Info.plist;
				IPHONEOS_DEPLOYMENT_TARGET = 16.0;
				"IPHONEOS_DEPLOYMENT_TARGET[sdk=macosx*]" = 16.0;
				LD_RUNPATH_SEARCH_PATHS = (
					"$(inherited)",
					"@executable_path/Frameworks",
				);
				MARKETING_VERSION = 200.5.0;
				PRODUCT_BUNDLE_IDENTIFIER = "com.esri.arcgis-swift-sdk-toolkit-examples";
				PRODUCT_NAME = "$(TARGET_NAME)";
				SUPPORTED_PLATFORMS = "iphoneos iphonesimulator";
				SUPPORTS_MACCATALYST = YES;
				SUPPORTS_MAC_DESIGNED_FOR_IPHONE_IPAD = NO;
				SWIFT_STRICT_CONCURRENCY = complete;
				SWIFT_VERSION = 6.0;
				TARGETED_DEVICE_FAMILY = "1,2,6";
			};
			name = Release;
		};
/* End XCBuildConfiguration section */

/* Begin XCConfigurationList section */
		E47ABE3B2652FE0900FD2FE3 /* Build configuration list for PBXProject "Examples" */ = {
			isa = XCConfigurationList;
			buildConfigurations = (
				E47ABE4D2652FE0C00FD2FE3 /* Debug */,
				E47ABE4E2652FE0C00FD2FE3 /* Release */,
			);
			defaultConfigurationIsVisible = 0;
			defaultConfigurationName = Release;
		};
		E47ABE4F2652FE0C00FD2FE3 /* Build configuration list for PBXNativeTarget "Toolkit Examples" */ = {
			isa = XCConfigurationList;
			buildConfigurations = (
				E47ABE502652FE0C00FD2FE3 /* Debug */,
				E47ABE512652FE0C00FD2FE3 /* Release */,
			);
			defaultConfigurationIsVisible = 0;
			defaultConfigurationName = Release;
		};
/* End XCConfigurationList section */

/* Begin XCSwiftPackageProductDependency section */
		E4E57DC5265D8EB00077A093 /* ArcGISToolkit */ = {
			isa = XCSwiftPackageProductDependency;
			productName = ArcGISToolkit;
		};
/* End XCSwiftPackageProductDependency section */
	};
	rootObject = E47ABE382652FE0900FD2FE3 /* Project object */;
}
