***REMOVED*** !$*UTF8*$!
{
	archiveVersion = 1;
	classes = {
	***REMOVED***;
	objectVersion = 56;
	objects = {

/* Begin PBXBuildFile section */
		75022F942A7AC289000ED7B7 /* FormViewTestView.swift in Sources */ = {isa = PBXBuildFile; fileRef = 75022F932A7AC289000ED7B7 /* FormViewTestView.swift */; ***REMOVED***;
		75022F962A7AC9A0000ED7B7 /* FormViewTests.swift in Sources */ = {isa = PBXBuildFile; fileRef = 75022F952A7AC9A0000ED7B7 /* FormViewTests.swift */; ***REMOVED***;
		75073AC72ADDD7080092EBB0 /* AppSecrets.swift.masque in Sources */ = {isa = PBXBuildFile; fileRef = 75073AC32ADDD48B0092EBB0 /* AppSecrets.swift.masque */; ***REMOVED***;
		7552A7542A573CBB0023DA5A /* UITestRunner.swift in Sources */ = {isa = PBXBuildFile; fileRef = 7552A7532A573CBB0023DA5A /* UITestRunner.swift */; ***REMOVED***;
		7552A7562A573CBB0023DA5A /* Tests.swift in Sources */ = {isa = PBXBuildFile; fileRef = 7552A7552A573CBB0023DA5A /* Tests.swift */; ***REMOVED***;
		7552A7582A573CBD0023DA5A /* Assets.xcassets in Resources */ = {isa = PBXBuildFile; fileRef = 7552A7572A573CBD0023DA5A /* Assets.xcassets */; ***REMOVED***;
		7552A75B2A573CBD0023DA5A /* Preview Assets.xcassets in Resources */ = {isa = PBXBuildFile; fileRef = 7552A75A2A573CBD0023DA5A /* Preview Assets.xcassets */; ***REMOVED***;
		7552A7622A573D810023DA5A /* BookmarksTestView.swift in Sources */ = {isa = PBXBuildFile; fileRef = 7552A7612A573D810023DA5A /* BookmarksTestView.swift */; ***REMOVED***;
		7552A76C2A573DFB0023DA5A /* BookmarksTests.swift in Sources */ = {isa = PBXBuildFile; fileRef = 7552A76B2A573DFB0023DA5A /* BookmarksTests.swift */; ***REMOVED***;
		7552A7762A573E900023DA5A /* ArcGISToolkit in Frameworks */ = {isa = PBXBuildFile; productRef = 7552A7752A573E900023DA5A /* ArcGISToolkit */; ***REMOVED***;
		75B236692A5CB49B00AEFACE /* BasemapGalleryTestView.swift in Sources */ = {isa = PBXBuildFile; fileRef = 75B236682A5CB49B00AEFACE /* BasemapGalleryTestView.swift */; ***REMOVED***;
		75B2366B2A5CB8CE00AEFACE /* BasemapGalleryTests.swift in Sources */ = {isa = PBXBuildFile; fileRef = 75B2366A2A5CB8CE00AEFACE /* BasemapGalleryTests.swift */; ***REMOVED***;
		75B2366D2A5CC78C00AEFACE /* FloorFilterTestView.swift in Sources */ = {isa = PBXBuildFile; fileRef = 75B2366C2A5CC78C00AEFACE /* FloorFilterTestView.swift */; ***REMOVED***;
		75B2366F2A5CCADC00AEFACE /* FloorFilterTests.swift in Sources */ = {isa = PBXBuildFile; fileRef = 75B2366E2A5CCADC00AEFACE /* FloorFilterTests.swift */; ***REMOVED***;
/* End PBXBuildFile section */

/* Begin PBXBuildRule section */
		75073AB82ADDB92E0092EBB0 /* PBXBuildRule */ = {
			isa = PBXBuildRule;
			compilerSpec = com.apple.compilers.proxy.script;
			filePatterns = "*.masque";
			fileType = pattern.proxy;
			inputFiles = (
				"$(SRCROOT)/.secrets",
			);
			isEditable = 1;
			name = "Generate Swift Code from Secrets";
			outputFiles = (
				"$(DERIVED_FILE_DIR)/$(INPUT_FILE_BASE)",
			);
			runOncePerArchitecture = 0;
			script = "\"${SRCROOT***REMOVED***/Scripts/masquerade\" -i \"${INPUT_FILE_PATH***REMOVED***\" -o \"${SCRIPT_OUTPUT_FILE_0***REMOVED***\" -s \"${SCRIPT_INPUT_FILE_0***REMOVED***\" -f\n";
		***REMOVED***;
/* End PBXBuildRule section */

/* Begin PBXContainerItemProxy section */
		7552A76F2A573DFB0023DA5A /* PBXContainerItemProxy */ = {
			isa = PBXContainerItemProxy;
			containerPortal = 7552A7482A573CBB0023DA5A /* Project object */;
			proxyType = 1;
			remoteGlobalIDString = 7552A74F2A573CBB0023DA5A;
			remoteInfo = "UI Test Runner";
		***REMOVED***;
/* End PBXContainerItemProxy section */

/* Begin PBXFileReference section */
		75022F932A7AC289000ED7B7 /* FormViewTestView.swift */ = {isa = PBXFileReference; lastKnownFileType = sourcecode.swift; path = FormViewTestView.swift; sourceTree = "<group>"; ***REMOVED***;
		75022F952A7AC9A0000ED7B7 /* FormViewTests.swift */ = {isa = PBXFileReference; lastKnownFileType = sourcecode.swift; path = FormViewTests.swift; sourceTree = "<group>"; ***REMOVED***;
		75073AC32ADDD48B0092EBB0 /* AppSecrets.swift.masque */ = {isa = PBXFileReference; fileEncoding = 4; lastKnownFileType = text; path = AppSecrets.swift.masque; sourceTree = "<group>"; ***REMOVED***;
		7552A7502A573CBB0023DA5A /* UI Test Runner.app */ = {isa = PBXFileReference; explicitFileType = wrapper.application; includeInIndex = 0; path = "UI Test Runner.app"; sourceTree = BUILT_PRODUCTS_DIR; ***REMOVED***;
		7552A7532A573CBB0023DA5A /* UITestRunner.swift */ = {isa = PBXFileReference; lastKnownFileType = sourcecode.swift; path = UITestRunner.swift; sourceTree = "<group>"; ***REMOVED***;
		7552A7552A573CBB0023DA5A /* Tests.swift */ = {isa = PBXFileReference; lastKnownFileType = sourcecode.swift; path = Tests.swift; sourceTree = "<group>"; ***REMOVED***;
		7552A7572A573CBD0023DA5A /* Assets.xcassets */ = {isa = PBXFileReference; lastKnownFileType = folder.assetcatalog; path = Assets.xcassets; sourceTree = "<group>"; ***REMOVED***;
		7552A75A2A573CBD0023DA5A /* Preview Assets.xcassets */ = {isa = PBXFileReference; lastKnownFileType = folder.assetcatalog; path = "Preview Assets.xcassets"; sourceTree = "<group>"; ***REMOVED***;
		7552A7612A573D810023DA5A /* BookmarksTestView.swift */ = {isa = PBXFileReference; lastKnownFileType = sourcecode.swift; path = BookmarksTestView.swift; sourceTree = "<group>"; ***REMOVED***;
		7552A7642A573DA00023DA5A /* arcgis-maps-sdk-swift-toolkit */ = {isa = PBXFileReference; lastKnownFileType = wrapper; name = "arcgis-maps-sdk-swift-toolkit"; path = ..; sourceTree = "<group>"; ***REMOVED***;
		7552A7692A573DFB0023DA5A /* UITests.xctest */ = {isa = PBXFileReference; explicitFileType = wrapper.cfbundle; includeInIndex = 0; path = UITests.xctest; sourceTree = BUILT_PRODUCTS_DIR; ***REMOVED***;
		7552A76B2A573DFB0023DA5A /* BookmarksTests.swift */ = {isa = PBXFileReference; lastKnownFileType = sourcecode.swift; path = BookmarksTests.swift; sourceTree = "<group>"; ***REMOVED***;
		75B236682A5CB49B00AEFACE /* BasemapGalleryTestView.swift */ = {isa = PBXFileReference; lastKnownFileType = sourcecode.swift; path = BasemapGalleryTestView.swift; sourceTree = "<group>"; ***REMOVED***;
		75B2366A2A5CB8CE00AEFACE /* BasemapGalleryTests.swift */ = {isa = PBXFileReference; lastKnownFileType = sourcecode.swift; path = BasemapGalleryTests.swift; sourceTree = "<group>"; ***REMOVED***;
		75B2366C2A5CC78C00AEFACE /* FloorFilterTestView.swift */ = {isa = PBXFileReference; lastKnownFileType = sourcecode.swift; path = FloorFilterTestView.swift; sourceTree = "<group>"; ***REMOVED***;
		75B2366E2A5CCADC00AEFACE /* FloorFilterTests.swift */ = {isa = PBXFileReference; lastKnownFileType = sourcecode.swift; path = FloorFilterTests.swift; sourceTree = "<group>"; ***REMOVED***;
		75CCCD612A5F691E0098B059 /* UI Test Runner.entitlements */ = {isa = PBXFileReference; lastKnownFileType = text.plist.entitlements; path = "UI Test Runner.entitlements"; sourceTree = "<group>"; ***REMOVED***;
/* End PBXFileReference section */

/* Begin PBXFrameworksBuildPhase section */
		7552A74D2A573CBB0023DA5A /* Frameworks */ = {
			isa = PBXFrameworksBuildPhase;
			buildActionMask = 2147483647;
			files = (
				7552A7762A573E900023DA5A /* ArcGISToolkit in Frameworks */,
			);
			runOnlyForDeploymentPostprocessing = 0;
		***REMOVED***;
		7552A7662A573DFB0023DA5A /* Frameworks */ = {
			isa = PBXFrameworksBuildPhase;
			buildActionMask = 2147483647;
			files = (
			);
			runOnlyForDeploymentPostprocessing = 0;
		***REMOVED***;
/* End PBXFrameworksBuildPhase section */

/* Begin PBXGroup section */
		7552A7472A573CBB0023DA5A = {
			isa = PBXGroup;
			children = (
				7552A7632A573DA00023DA5A /* Packages */,
				7552A7522A573CBB0023DA5A /* UI Test Runner */,
				7552A76A2A573DFB0023DA5A /* UITests */,
				7552A7512A573CBB0023DA5A /* Products */,
			);
			sourceTree = "<group>";
		***REMOVED***;
		7552A7512A573CBB0023DA5A /* Products */ = {
			isa = PBXGroup;
			children = (
				7552A7502A573CBB0023DA5A /* UI Test Runner.app */,
				7552A7692A573DFB0023DA5A /* UITests.xctest */,
			);
			name = Products;
			sourceTree = "<group>";
		***REMOVED***;
		7552A7522A573CBB0023DA5A /* UI Test Runner */ = {
			isa = PBXGroup;
			children = (
				75073AC32ADDD48B0092EBB0 /* AppSecrets.swift.masque */,
				75CCCD612A5F691E0098B059 /* UI Test Runner.entitlements */,
				7552A7532A573CBB0023DA5A /* UITestRunner.swift */,
				7552A7552A573CBB0023DA5A /* Tests.swift */,
				7552A7572A573CBD0023DA5A /* Assets.xcassets */,
				7552A7592A573CBD0023DA5A /* Preview Content */,
				75B236672A5CB32700AEFACE /* TestViews */,
			);
			path = "UI Test Runner";
			sourceTree = "<group>";
		***REMOVED***;
		7552A7592A573CBD0023DA5A /* Preview Content */ = {
			isa = PBXGroup;
			children = (
				7552A75A2A573CBD0023DA5A /* Preview Assets.xcassets */,
			);
			path = "Preview Content";
			sourceTree = "<group>";
		***REMOVED***;
		7552A7632A573DA00023DA5A /* Packages */ = {
			isa = PBXGroup;
			children = (
				7552A7642A573DA00023DA5A /* arcgis-maps-sdk-swift-toolkit */,
			);
			name = Packages;
			sourceTree = "<group>";
		***REMOVED***;
		7552A76A2A573DFB0023DA5A /* UITests */ = {
			isa = PBXGroup;
			children = (
				75B2366A2A5CB8CE00AEFACE /* BasemapGalleryTests.swift */,
				7552A76B2A573DFB0023DA5A /* BookmarksTests.swift */,
				75B2366E2A5CCADC00AEFACE /* FloorFilterTests.swift */,
				75022F952A7AC9A0000ED7B7 /* FormViewTests.swift */,
			);
			path = UITests;
			sourceTree = "<group>";
		***REMOVED***;
		75B236672A5CB32700AEFACE /* TestViews */ = {
			isa = PBXGroup;
			children = (
				75B236682A5CB49B00AEFACE /* BasemapGalleryTestView.swift */,
				7552A7612A573D810023DA5A /* BookmarksTestView.swift */,
				75B2366C2A5CC78C00AEFACE /* FloorFilterTestView.swift */,
				75022F932A7AC289000ED7B7 /* FormViewTestView.swift */,
			);
			path = TestViews;
			sourceTree = "<group>";
		***REMOVED***;
/* End PBXGroup section */

/* Begin PBXNativeTarget section */
		7552A74F2A573CBB0023DA5A /* UI Test Runner */ = {
			isa = PBXNativeTarget;
			buildConfigurationList = 7552A75E2A573CBD0023DA5A /* Build configuration list for PBXNativeTarget "UI Test Runner" */;
			buildPhases = (
				7552A74C2A573CBB0023DA5A /* Sources */,
				7552A74D2A573CBB0023DA5A /* Frameworks */,
				7552A74E2A573CBB0023DA5A /* Resources */,
			);
			buildRules = (
				75073AB82ADDB92E0092EBB0 /* PBXBuildRule */,
			);
			dependencies = (
			);
			name = "UI Test Runner";
			packageProductDependencies = (
				7552A7752A573E900023DA5A /* ArcGISToolkit */,
			);
			productName = "UI Test Runner";
			productReference = 7552A7502A573CBB0023DA5A /* UI Test Runner.app */;
			productType = "com.apple.product-type.application";
		***REMOVED***;
		7552A7682A573DFB0023DA5A /* UITests */ = {
			isa = PBXNativeTarget;
			buildConfigurationList = 7552A7712A573DFB0023DA5A /* Build configuration list for PBXNativeTarget "UITests" */;
			buildPhases = (
				7552A7652A573DFB0023DA5A /* Sources */,
				7552A7662A573DFB0023DA5A /* Frameworks */,
				7552A7672A573DFB0023DA5A /* Resources */,
			);
			buildRules = (
			);
			dependencies = (
				7552A7702A573DFB0023DA5A /* PBXTargetDependency */,
			);
			name = UITests;
			productName = UITests;
			productReference = 7552A7692A573DFB0023DA5A /* UITests.xctest */;
			productType = "com.apple.product-type.bundle.ui-testing";
		***REMOVED***;
/* End PBXNativeTarget section */

/* Begin PBXProject section */
		7552A7482A573CBB0023DA5A /* Project object */ = {
			isa = PBXProject;
			attributes = {
				BuildIndependentTargetsInParallel = 1;
				LastSwiftUpdateCheck = 1400;
				LastUpgradeCheck = 1400;
				TargetAttributes = {
					7552A74F2A573CBB0023DA5A = {
						CreatedOnToolsVersion = 14.0;
					***REMOVED***;
					7552A7682A573DFB0023DA5A = {
						CreatedOnToolsVersion = 14.0;
						TestTargetID = 7552A74F2A573CBB0023DA5A;
					***REMOVED***;
				***REMOVED***;
			***REMOVED***;
			buildConfigurationList = 7552A74B2A573CBB0023DA5A /* Build configuration list for PBXProject "UI Test Runner" */;
			compatibilityVersion = "Xcode 14.0";
			developmentRegion = en;
			hasScannedForEncodings = 0;
			knownRegions = (
				en,
				Base,
			);
			mainGroup = 7552A7472A573CBB0023DA5A;
			productRefGroup = 7552A7512A573CBB0023DA5A /* Products */;
			projectDirPath = "";
			projectRoot = "";
			targets = (
				7552A74F2A573CBB0023DA5A /* UI Test Runner */,
				7552A7682A573DFB0023DA5A /* UITests */,
			);
		***REMOVED***;
/* End PBXProject section */

/* Begin PBXResourcesBuildPhase section */
		7552A74E2A573CBB0023DA5A /* Resources */ = {
			isa = PBXResourcesBuildPhase;
			buildActionMask = 2147483647;
			files = (
				7552A75B2A573CBD0023DA5A /* Preview Assets.xcassets in Resources */,
				7552A7582A573CBD0023DA5A /* Assets.xcassets in Resources */,
			);
			runOnlyForDeploymentPostprocessing = 0;
		***REMOVED***;
		7552A7672A573DFB0023DA5A /* Resources */ = {
			isa = PBXResourcesBuildPhase;
			buildActionMask = 2147483647;
			files = (
			);
			runOnlyForDeploymentPostprocessing = 0;
		***REMOVED***;
/* End PBXResourcesBuildPhase section */

/* Begin PBXSourcesBuildPhase section */
		7552A74C2A573CBB0023DA5A /* Sources */ = {
			isa = PBXSourcesBuildPhase;
			buildActionMask = 2147483647;
			files = (
				75073AC72ADDD7080092EBB0 /* AppSecrets.swift.masque in Sources */,
				7552A7562A573CBB0023DA5A /* Tests.swift in Sources */,
				75022F942A7AC289000ED7B7 /* FormViewTestView.swift in Sources */,
				7552A7542A573CBB0023DA5A /* UITestRunner.swift in Sources */,
				75B2366D2A5CC78C00AEFACE /* FloorFilterTestView.swift in Sources */,
				7552A7622A573D810023DA5A /* BookmarksTestView.swift in Sources */,
				75B236692A5CB49B00AEFACE /* BasemapGalleryTestView.swift in Sources */,
			);
			runOnlyForDeploymentPostprocessing = 0;
		***REMOVED***;
		7552A7652A573DFB0023DA5A /* Sources */ = {
			isa = PBXSourcesBuildPhase;
			buildActionMask = 2147483647;
			files = (
				75022F962A7AC9A0000ED7B7 /* FormViewTests.swift in Sources */,
				75B2366F2A5CCADC00AEFACE /* FloorFilterTests.swift in Sources */,
				75B2366B2A5CB8CE00AEFACE /* BasemapGalleryTests.swift in Sources */,
				7552A76C2A573DFB0023DA5A /* BookmarksTests.swift in Sources */,
			);
			runOnlyForDeploymentPostprocessing = 0;
		***REMOVED***;
/* End PBXSourcesBuildPhase section */

/* Begin PBXTargetDependency section */
		7552A7702A573DFB0023DA5A /* PBXTargetDependency */ = {
			isa = PBXTargetDependency;
			target = 7552A74F2A573CBB0023DA5A /* UI Test Runner */;
			targetProxy = 7552A76F2A573DFB0023DA5A /* PBXContainerItemProxy */;
		***REMOVED***;
/* End PBXTargetDependency section */

/* Begin XCBuildConfiguration section */
		7552A75C2A573CBD0023DA5A /* Debug */ = {
			isa = XCBuildConfiguration;
			buildSettings = {
				ALWAYS_SEARCH_USER_PATHS = NO;
				CLANG_ANALYZER_NONNULL = YES;
				CLANG_ANALYZER_NUMBER_OBJECT_CONVERSION = YES_AGGRESSIVE;
				CLANG_CXX_LANGUAGE_STANDARD = "gnu++20";
				CLANG_ENABLE_MODULES = YES;
				CLANG_ENABLE_OBJC_ARC = YES;
				CLANG_ENABLE_OBJC_WEAK = YES;
				CLANG_WARN_BLOCK_CAPTURE_AUTORELEASING = YES;
				CLANG_WARN_BOOL_CONVERSION = YES;
				CLANG_WARN_COMMA = YES;
				CLANG_WARN_CONSTANT_CONVERSION = YES;
				CLANG_WARN_DEPRECATED_OBJC_IMPLEMENTATIONS = YES;
				CLANG_WARN_DIRECT_OBJC_ISA_USAGE = YES_ERROR;
				CLANG_WARN_DOCUMENTATION_COMMENTS = YES;
				CLANG_WARN_EMPTY_BODY = YES;
				CLANG_WARN_ENUM_CONVERSION = YES;
				CLANG_WARN_INFINITE_RECURSION = YES;
				CLANG_WARN_INT_CONVERSION = YES;
				CLANG_WARN_NON_LITERAL_NULL_CONVERSION = YES;
				CLANG_WARN_OBJC_IMPLICIT_RETAIN_SELF = YES;
				CLANG_WARN_OBJC_LITERAL_CONVERSION = YES;
				CLANG_WARN_OBJC_ROOT_CLASS = YES_ERROR;
				CLANG_WARN_QUOTED_INCLUDE_IN_FRAMEWORK_HEADER = YES;
				CLANG_WARN_RANGE_LOOP_ANALYSIS = YES;
				CLANG_WARN_STRICT_PROTOTYPES = YES;
				CLANG_WARN_SUSPICIOUS_MOVE = YES;
				CLANG_WARN_UNGUARDED_AVAILABILITY = YES_AGGRESSIVE;
				CLANG_WARN_UNREACHABLE_CODE = YES;
				CLANG_WARN__DUPLICATE_METHOD_MATCH = YES;
				COPY_PHASE_STRIP = NO;
				DEBUG_INFORMATION_FORMAT = dwarf;
				ENABLE_STRICT_OBJC_MSGSEND = YES;
				ENABLE_TESTABILITY = YES;
				GCC_C_LANGUAGE_STANDARD = gnu11;
				GCC_DYNAMIC_NO_PIC = NO;
				GCC_NO_COMMON_BLOCKS = YES;
				GCC_OPTIMIZATION_LEVEL = 0;
				GCC_PREPROCESSOR_DEFINITIONS = (
					"DEBUG=1",
					"$(inherited)",
				);
				GCC_WARN_64_TO_32_BIT_CONVERSION = YES;
				GCC_WARN_ABOUT_RETURN_TYPE = YES_ERROR;
				GCC_WARN_UNDECLARED_SELECTOR = YES;
				GCC_WARN_UNINITIALIZED_AUTOS = YES_AGGRESSIVE;
				GCC_WARN_UNUSED_FUNCTION = YES;
				GCC_WARN_UNUSED_VARIABLE = YES;
				IPHONEOS_DEPLOYMENT_TARGET = 16.0;
				MTL_ENABLE_DEBUG_INFO = INCLUDE_SOURCE;
				MTL_FAST_MATH = YES;
				ONLY_ACTIVE_ARCH = YES;
				SDKROOT = iphoneos;
				SWIFT_ACTIVE_COMPILATION_CONDITIONS = DEBUG;
				SWIFT_OPTIMIZATION_LEVEL = "-Onone";
			***REMOVED***;
			name = Debug;
		***REMOVED***;
		7552A75D2A573CBD0023DA5A /* Release */ = {
			isa = XCBuildConfiguration;
			buildSettings = {
				ALWAYS_SEARCH_USER_PATHS = NO;
				CLANG_ANALYZER_NONNULL = YES;
				CLANG_ANALYZER_NUMBER_OBJECT_CONVERSION = YES_AGGRESSIVE;
				CLANG_CXX_LANGUAGE_STANDARD = "gnu++20";
				CLANG_ENABLE_MODULES = YES;
				CLANG_ENABLE_OBJC_ARC = YES;
				CLANG_ENABLE_OBJC_WEAK = YES;
				CLANG_WARN_BLOCK_CAPTURE_AUTORELEASING = YES;
				CLANG_WARN_BOOL_CONVERSION = YES;
				CLANG_WARN_COMMA = YES;
				CLANG_WARN_CONSTANT_CONVERSION = YES;
				CLANG_WARN_DEPRECATED_OBJC_IMPLEMENTATIONS = YES;
				CLANG_WARN_DIRECT_OBJC_ISA_USAGE = YES_ERROR;
				CLANG_WARN_DOCUMENTATION_COMMENTS = YES;
				CLANG_WARN_EMPTY_BODY = YES;
				CLANG_WARN_ENUM_CONVERSION = YES;
				CLANG_WARN_INFINITE_RECURSION = YES;
				CLANG_WARN_INT_CONVERSION = YES;
				CLANG_WARN_NON_LITERAL_NULL_CONVERSION = YES;
				CLANG_WARN_OBJC_IMPLICIT_RETAIN_SELF = YES;
				CLANG_WARN_OBJC_LITERAL_CONVERSION = YES;
				CLANG_WARN_OBJC_ROOT_CLASS = YES_ERROR;
				CLANG_WARN_QUOTED_INCLUDE_IN_FRAMEWORK_HEADER = YES;
				CLANG_WARN_RANGE_LOOP_ANALYSIS = YES;
				CLANG_WARN_STRICT_PROTOTYPES = YES;
				CLANG_WARN_SUSPICIOUS_MOVE = YES;
				CLANG_WARN_UNGUARDED_AVAILABILITY = YES_AGGRESSIVE;
				CLANG_WARN_UNREACHABLE_CODE = YES;
				CLANG_WARN__DUPLICATE_METHOD_MATCH = YES;
				COPY_PHASE_STRIP = NO;
				DEBUG_INFORMATION_FORMAT = "dwarf-with-dsym";
				ENABLE_NS_ASSERTIONS = NO;
				ENABLE_STRICT_OBJC_MSGSEND = YES;
				GCC_C_LANGUAGE_STANDARD = gnu11;
				GCC_NO_COMMON_BLOCKS = YES;
				GCC_WARN_64_TO_32_BIT_CONVERSION = YES;
				GCC_WARN_ABOUT_RETURN_TYPE = YES_ERROR;
				GCC_WARN_UNDECLARED_SELECTOR = YES;
				GCC_WARN_UNINITIALIZED_AUTOS = YES_AGGRESSIVE;
				GCC_WARN_UNUSED_FUNCTION = YES;
				GCC_WARN_UNUSED_VARIABLE = YES;
				IPHONEOS_DEPLOYMENT_TARGET = 16.0;
				MTL_ENABLE_DEBUG_INFO = NO;
				MTL_FAST_MATH = YES;
				SDKROOT = iphoneos;
				SWIFT_COMPILATION_MODE = wholemodule;
				SWIFT_OPTIMIZATION_LEVEL = "-O";
				VALIDATE_PRODUCT = YES;
			***REMOVED***;
			name = Release;
		***REMOVED***;
		7552A75F2A573CBD0023DA5A /* Debug */ = {
			isa = XCBuildConfiguration;
			buildSettings = {
				ASSETCATALOG_COMPILER_APPICON_NAME = AppIcon;
				ASSETCATALOG_COMPILER_GLOBAL_ACCENT_COLOR_NAME = AccentColor;
				CODE_SIGN_ENTITLEMENTS = "UI Test Runner/UI Test Runner.entitlements";
				CODE_SIGN_STYLE = Automatic;
				CURRENT_PROJECT_VERSION = 1;
				DEVELOPMENT_ASSET_PATHS = "\"UI Test Runner/Preview Content\"";
				ENABLE_PREVIEWS = YES;
				GENERATE_INFOPLIST_FILE = YES;
				INFOPLIST_KEY_UIApplicationSceneManifest_Generation = YES;
				INFOPLIST_KEY_UIApplicationSupportsIndirectInputEvents = YES;
				INFOPLIST_KEY_UILaunchScreen_Generation = YES;
				INFOPLIST_KEY_UISupportedInterfaceOrientations_iPad = "UIInterfaceOrientationPortrait UIInterfaceOrientationPortraitUpsideDown UIInterfaceOrientationLandscapeLeft UIInterfaceOrientationLandscapeRight";
				INFOPLIST_KEY_UISupportedInterfaceOrientations_iPhone = "UIInterfaceOrientationPortrait UIInterfaceOrientationLandscapeLeft UIInterfaceOrientationLandscapeRight";
				LD_RUNPATH_SEARCH_PATHS = (
					"$(inherited)",
					"@executable_path/Frameworks",
				);
				MARKETING_VERSION = 200.2.0;
				PRODUCT_BUNDLE_IDENTIFIER = "com.esri.arcgis-swift-sdk-toolkit-ui-test-runner.UI-Test-Runner";
				PRODUCT_NAME = "$(TARGET_NAME)";
				SUPPORTED_PLATFORMS = "iphoneos iphonesimulator";
				SUPPORTS_MACCATALYST = YES;
				SUPPORTS_MAC_DESIGNED_FOR_IPHONE_IPAD = NO;
				SWIFT_EMIT_LOC_STRINGS = YES;
				SWIFT_VERSION = 5.0;
				TARGETED_DEVICE_FAMILY = "1,2,6";
			***REMOVED***;
			name = Debug;
		***REMOVED***;
		7552A7602A573CBD0023DA5A /* Release */ = {
			isa = XCBuildConfiguration;
			buildSettings = {
				ASSETCATALOG_COMPILER_APPICON_NAME = AppIcon;
				ASSETCATALOG_COMPILER_GLOBAL_ACCENT_COLOR_NAME = AccentColor;
				CODE_SIGN_ENTITLEMENTS = "UI Test Runner/UI Test Runner.entitlements";
				CODE_SIGN_STYLE = Automatic;
				CURRENT_PROJECT_VERSION = 1;
				DEVELOPMENT_ASSET_PATHS = "\"UI Test Runner/Preview Content\"";
				ENABLE_PREVIEWS = YES;
				GENERATE_INFOPLIST_FILE = YES;
				INFOPLIST_KEY_UIApplicationSceneManifest_Generation = YES;
				INFOPLIST_KEY_UIApplicationSupportsIndirectInputEvents = YES;
				INFOPLIST_KEY_UILaunchScreen_Generation = YES;
				INFOPLIST_KEY_UISupportedInterfaceOrientations_iPad = "UIInterfaceOrientationPortrait UIInterfaceOrientationPortraitUpsideDown UIInterfaceOrientationLandscapeLeft UIInterfaceOrientationLandscapeRight";
				INFOPLIST_KEY_UISupportedInterfaceOrientations_iPhone = "UIInterfaceOrientationPortrait UIInterfaceOrientationLandscapeLeft UIInterfaceOrientationLandscapeRight";
				LD_RUNPATH_SEARCH_PATHS = (
					"$(inherited)",
					"@executable_path/Frameworks",
				);
				MARKETING_VERSION = 200.2.0;
				PRODUCT_BUNDLE_IDENTIFIER = "com.esri.arcgis-swift-sdk-toolkit-ui-test-runner.UI-Test-Runner";
				PRODUCT_NAME = "$(TARGET_NAME)";
				SUPPORTED_PLATFORMS = "iphoneos iphonesimulator";
				SUPPORTS_MACCATALYST = YES;
				SUPPORTS_MAC_DESIGNED_FOR_IPHONE_IPAD = NO;
				SWIFT_EMIT_LOC_STRINGS = YES;
				SWIFT_VERSION = 5.0;
				TARGETED_DEVICE_FAMILY = "1,2,6";
			***REMOVED***;
			name = Release;
		***REMOVED***;
		7552A7722A573DFB0023DA5A /* Debug */ = {
			isa = XCBuildConfiguration;
			buildSettings = {
				CODE_SIGN_STYLE = Automatic;
				CURRENT_PROJECT_VERSION = 1;
				GENERATE_INFOPLIST_FILE = YES;
				MARKETING_VERSION = 1.0;
				PRODUCT_BUNDLE_IDENTIFIER = "com.esri.arcgis-swift-sdk-toolkit-ui-test-runner.UITests";
				PRODUCT_NAME = "$(TARGET_NAME)";
				SUPPORTED_PLATFORMS = "iphoneos iphonesimulator";
				SUPPORTS_MACCATALYST = YES;
				SUPPORTS_MAC_DESIGNED_FOR_IPHONE_IPAD = NO;
				SWIFT_EMIT_LOC_STRINGS = NO;
				SWIFT_VERSION = 5.0;
				TARGETED_DEVICE_FAMILY = "1,2";
				TEST_TARGET_NAME = "UI Test Runner";
			***REMOVED***;
			name = Debug;
		***REMOVED***;
		7552A7732A573DFB0023DA5A /* Release */ = {
			isa = XCBuildConfiguration;
			buildSettings = {
				CODE_SIGN_STYLE = Automatic;
				CURRENT_PROJECT_VERSION = 1;
				GENERATE_INFOPLIST_FILE = YES;
				MARKETING_VERSION = 1.0;
				PRODUCT_BUNDLE_IDENTIFIER = "com.esri.arcgis-swift-sdk-toolkit-ui-test-runner.UITests";
				PRODUCT_NAME = "$(TARGET_NAME)";
				SUPPORTED_PLATFORMS = "iphoneos iphonesimulator";
				SUPPORTS_MACCATALYST = YES;
				SUPPORTS_MAC_DESIGNED_FOR_IPHONE_IPAD = NO;
				SWIFT_EMIT_LOC_STRINGS = NO;
				SWIFT_VERSION = 5.0;
				TARGETED_DEVICE_FAMILY = "1,2";
				TEST_TARGET_NAME = "UI Test Runner";
			***REMOVED***;
			name = Release;
		***REMOVED***;
/* End XCBuildConfiguration section */

/* Begin XCConfigurationList section */
		7552A74B2A573CBB0023DA5A /* Build configuration list for PBXProject "UI Test Runner" */ = {
			isa = XCConfigurationList;
			buildConfigurations = (
				7552A75C2A573CBD0023DA5A /* Debug */,
				7552A75D2A573CBD0023DA5A /* Release */,
			);
			defaultConfigurationIsVisible = 0;
			defaultConfigurationName = Release;
		***REMOVED***;
		7552A75E2A573CBD0023DA5A /* Build configuration list for PBXNativeTarget "UI Test Runner" */ = {
			isa = XCConfigurationList;
			buildConfigurations = (
				7552A75F2A573CBD0023DA5A /* Debug */,
				7552A7602A573CBD0023DA5A /* Release */,
			);
			defaultConfigurationIsVisible = 0;
			defaultConfigurationName = Release;
		***REMOVED***;
		7552A7712A573DFB0023DA5A /* Build configuration list for PBXNativeTarget "UITests" */ = {
			isa = XCConfigurationList;
			buildConfigurations = (
				7552A7722A573DFB0023DA5A /* Debug */,
				7552A7732A573DFB0023DA5A /* Release */,
			);
			defaultConfigurationIsVisible = 0;
			defaultConfigurationName = Release;
		***REMOVED***;
/* End XCConfigurationList section */

/* Begin XCSwiftPackageProductDependency section */
		7552A7752A573E900023DA5A /* ArcGISToolkit */ = {
			isa = XCSwiftPackageProductDependency;
			productName = ArcGISToolkit;
		***REMOVED***;
/* End XCSwiftPackageProductDependency section */
	***REMOVED***;
	rootObject = 7552A7482A573CBB0023DA5A /* Project object */;
***REMOVED***
