// !$*UTF8*$!
{
	archiveVersion = 1;
	classes = {
	};
	objectVersion = 60;
	objects = {

/* Begin PBXBuildFile section */
		7534841D2A4E54EC002F6B21 /* UITestRunner.swift in Sources */ = {isa = PBXBuildFile; fileRef = 7534841C2A4E54EC002F6B21 /* UITestRunner.swift */; };
		7534841F2A4E54EC002F6B21 /* Tests.swift in Sources */ = {isa = PBXBuildFile; fileRef = 7534841E2A4E54EC002F6B21 /* Tests.swift */; };
		753484212A4E54EE002F6B21 /* Assets.xcassets in Resources */ = {isa = PBXBuildFile; fileRef = 753484202A4E54EE002F6B21 /* Assets.xcassets */; };
		753484242A4E54EE002F6B21 /* Preview Assets.xcassets in Resources */ = {isa = PBXBuildFile; fileRef = 753484232A4E54EE002F6B21 /* Preview Assets.xcassets */; };
		753484382A4E54EE002F6B21 /* BookmarksTests.swift in Sources */ = {isa = PBXBuildFile; fileRef = 753484372A4E54EE002F6B21 /* BookmarksTests.swift */; };
		753484482A4E5800002F6B21 /* ArcGISToolkit in Frameworks */ = {isa = PBXBuildFile; productRef = 753484472A4E5800002F6B21 /* ArcGISToolkit */; };
		7534844A2A4E5953002F6B21 /* BookmarksTestsView.swift in Sources */ = {isa = PBXBuildFile; fileRef = 753484492A4E5953002F6B21 /* BookmarksTestsView.swift */; };
/* End PBXBuildFile section */

/* Begin PBXContainerItemProxy section */
		753484342A4E54EE002F6B21 /* PBXContainerItemProxy */ = {
			isa = PBXContainerItemProxy;
			containerPortal = 753484112A4E54EC002F6B21 /* Project object */;
			proxyType = 1;
			remoteGlobalIDString = 753484182A4E54EC002F6B21;
			remoteInfo = "UI Test Runner";
		};
/* End PBXContainerItemProxy section */

/* Begin PBXFileReference section */
		753484192A4E54EC002F6B21 /* UI Test Runner.app */ = {isa = PBXFileReference; explicitFileType = wrapper.application; includeInIndex = 0; path = "UI Test Runner.app"; sourceTree = BUILT_PRODUCTS_DIR; };
		7534841C2A4E54EC002F6B21 /* UITestRunner.swift */ = {isa = PBXFileReference; lastKnownFileType = sourcecode.swift; path = UITestRunner.swift; sourceTree = "<group>"; };
		7534841E2A4E54EC002F6B21 /* Tests.swift */ = {isa = PBXFileReference; lastKnownFileType = sourcecode.swift; path = Tests.swift; sourceTree = "<group>"; };
		753484202A4E54EE002F6B21 /* Assets.xcassets */ = {isa = PBXFileReference; lastKnownFileType = folder.assetcatalog; path = Assets.xcassets; sourceTree = "<group>"; };
		753484232A4E54EE002F6B21 /* Preview Assets.xcassets */ = {isa = PBXFileReference; lastKnownFileType = folder.assetcatalog; path = "Preview Assets.xcassets"; sourceTree = "<group>"; };
		753484332A4E54EE002F6B21 /* UI Test RunnerUITests.xctest */ = {isa = PBXFileReference; explicitFileType = wrapper.cfbundle; includeInIndex = 0; path = "UI Test RunnerUITests.xctest"; sourceTree = BUILT_PRODUCTS_DIR; };
		753484372A4E54EE002F6B21 /* BookmarksTests.swift */ = {isa = PBXFileReference; lastKnownFileType = sourcecode.swift; path = BookmarksTests.swift; sourceTree = "<group>"; };
		753484492A4E5953002F6B21 /* BookmarksTestsView.swift */ = {isa = PBXFileReference; lastKnownFileType = sourcecode.swift; path = BookmarksTestsView.swift; sourceTree = "<group>"; };
/* End PBXFileReference section */

/* Begin PBXFrameworksBuildPhase section */
		753484162A4E54EC002F6B21 /* Frameworks */ = {
			isa = PBXFrameworksBuildPhase;
			buildActionMask = 2147483647;
			files = (
				753484482A4E5800002F6B21 /* ArcGISToolkit in Frameworks */,
			);
			runOnlyForDeploymentPostprocessing = 0;
		};
		753484302A4E54EE002F6B21 /* Frameworks */ = {
			isa = PBXFrameworksBuildPhase;
			buildActionMask = 2147483647;
			files = (
			);
			runOnlyForDeploymentPostprocessing = 0;
		};
/* End PBXFrameworksBuildPhase section */

/* Begin PBXGroup section */
		753484102A4E54EC002F6B21 = {
			isa = PBXGroup;
			children = (
				7534841B2A4E54EC002F6B21 /* UI Test Runner App */,
				753484362A4E54EE002F6B21 /* UI Tests */,
				7534841A2A4E54EC002F6B21 /* Products */,
			);
			sourceTree = "<group>";
		};
		7534841A2A4E54EC002F6B21 /* Products */ = {
			isa = PBXGroup;
			children = (
				753484192A4E54EC002F6B21 /* UI Test Runner.app */,
				753484332A4E54EE002F6B21 /* UI Test RunnerUITests.xctest */,
			);
			name = Products;
			sourceTree = "<group>";
		};
		7534841B2A4E54EC002F6B21 /* UI Test Runner App */ = {
			isa = PBXGroup;
			children = (
				7534841C2A4E54EC002F6B21 /* UITestRunner.swift */,
				7534841E2A4E54EC002F6B21 /* Tests.swift */,
				753484492A4E5953002F6B21 /* BookmarksTestsView.swift */,
				753484202A4E54EE002F6B21 /* Assets.xcassets */,
				753484222A4E54EE002F6B21 /* Preview Content */,
			);
			path = "UI Test Runner App";
			sourceTree = "<group>";
		};
		753484222A4E54EE002F6B21 /* Preview Content */ = {
			isa = PBXGroup;
			children = (
				753484232A4E54EE002F6B21 /* Preview Assets.xcassets */,
			);
			path = "Preview Content";
			sourceTree = "<group>";
		};
		753484362A4E54EE002F6B21 /* UI Tests */ = {
			isa = PBXGroup;
			children = (
				753484372A4E54EE002F6B21 /* BookmarksTests.swift */,
			);
			path = "UI Tests";
			sourceTree = "<group>";
		};
/* End PBXGroup section */

/* Begin PBXNativeTarget section */
		753484182A4E54EC002F6B21 /* UI Test Runner */ = {
			isa = PBXNativeTarget;
			buildConfigurationList = 7534843D2A4E54EE002F6B21 /* Build configuration list for PBXNativeTarget "UI Test Runner" */;
			buildPhases = (
				753484152A4E54EC002F6B21 /* Sources */,
				753484162A4E54EC002F6B21 /* Frameworks */,
				753484172A4E54EC002F6B21 /* Resources */,
			);
			buildRules = (
			);
			dependencies = (
			);
			name = "UI Test Runner";
			packageProductDependencies = (
				753484472A4E5800002F6B21 /* ArcGISToolkit */,
			);
			productName = "UI Test Runner";
			productReference = 753484192A4E54EC002F6B21 /* UI Test Runner.app */;
			productType = "com.apple.product-type.application";
		};
		753484322A4E54EE002F6B21 /* UI Test RunnerUITests */ = {
			isa = PBXNativeTarget;
			buildConfigurationList = 753484432A4E54EE002F6B21 /* Build configuration list for PBXNativeTarget "UI Test RunnerUITests" */;
			buildPhases = (
				7534842F2A4E54EE002F6B21 /* Sources */,
				753484302A4E54EE002F6B21 /* Frameworks */,
				753484312A4E54EE002F6B21 /* Resources */,
			);
			buildRules = (
			);
			dependencies = (
				753484352A4E54EE002F6B21 /* PBXTargetDependency */,
			);
			name = "UI Test RunnerUITests";
			productName = "UI Test RunnerUITests";
			productReference = 753484332A4E54EE002F6B21 /* UI Test RunnerUITests.xctest */;
			productType = "com.apple.product-type.bundle.ui-testing";
		};
/* End PBXNativeTarget section */

/* Begin PBXProject section */
		753484112A4E54EC002F6B21 /* Project object */ = {
			isa = PBXProject;
			attributes = {
				BuildIndependentTargetsInParallel = 1;
				LastSwiftUpdateCheck = 1500;
				LastUpgradeCheck = 1500;
				TargetAttributes = {
					753484182A4E54EC002F6B21 = {
						CreatedOnToolsVersion = 15.0;
					};
					753484322A4E54EE002F6B21 = {
						CreatedOnToolsVersion = 15.0;
						TestTargetID = 753484182A4E54EC002F6B21;
					};
				};
			};
			buildConfigurationList = 753484142A4E54EC002F6B21 /* Build configuration list for PBXProject "UI Test Runner" */;
			compatibilityVersion = "Xcode 14.0";
			developmentRegion = en;
			hasScannedForEncodings = 0;
			knownRegions = (
				en,
				Base,
			);
			mainGroup = 753484102A4E54EC002F6B21;
			packageReferences = (
				753484462A4E5800002F6B21 /* XCLocalSwiftPackageReference ".." */,
			);
			productRefGroup = 7534841A2A4E54EC002F6B21 /* Products */;
			projectDirPath = "";
			projectRoot = "";
			targets = (
				753484182A4E54EC002F6B21 /* UI Test Runner */,
				753484322A4E54EE002F6B21 /* UI Test RunnerUITests */,
			);
		};
/* End PBXProject section */

/* Begin PBXResourcesBuildPhase section */
		753484172A4E54EC002F6B21 /* Resources */ = {
			isa = PBXResourcesBuildPhase;
			buildActionMask = 2147483647;
			files = (
				753484242A4E54EE002F6B21 /* Preview Assets.xcassets in Resources */,
				753484212A4E54EE002F6B21 /* Assets.xcassets in Resources */,
			);
			runOnlyForDeploymentPostprocessing = 0;
		};
		753484312A4E54EE002F6B21 /* Resources */ = {
			isa = PBXResourcesBuildPhase;
			buildActionMask = 2147483647;
			files = (
			);
			runOnlyForDeploymentPostprocessing = 0;
		};
/* End PBXResourcesBuildPhase section */

/* Begin PBXSourcesBuildPhase section */
		753484152A4E54EC002F6B21 /* Sources */ = {
			isa = PBXSourcesBuildPhase;
			buildActionMask = 2147483647;
			files = (
				7534844A2A4E5953002F6B21 /* BookmarksTestsView.swift in Sources */,
				7534841F2A4E54EC002F6B21 /* Tests.swift in Sources */,
				7534841D2A4E54EC002F6B21 /* UITestRunner.swift in Sources */,
			);
			runOnlyForDeploymentPostprocessing = 0;
		};
		7534842F2A4E54EE002F6B21 /* Sources */ = {
			isa = PBXSourcesBuildPhase;
			buildActionMask = 2147483647;
			files = (
				753484382A4E54EE002F6B21 /* BookmarksTests.swift in Sources */,
			);
			runOnlyForDeploymentPostprocessing = 0;
		};
/* End PBXSourcesBuildPhase section */

/* Begin PBXTargetDependency section */
		753484352A4E54EE002F6B21 /* PBXTargetDependency */ = {
			isa = PBXTargetDependency;
			target = 753484182A4E54EC002F6B21 /* UI Test Runner */;
			targetProxy = 753484342A4E54EE002F6B21 /* PBXContainerItemProxy */;
		};
/* End PBXTargetDependency section */

/* Begin XCBuildConfiguration section */
		7534843B2A4E54EE002F6B21 /* Debug */ = {
			isa = XCBuildConfiguration;
			buildSettings = {
				ALWAYS_SEARCH_USER_PATHS = NO;
				ASSETCATALOG_COMPILER_GENERATE_SWIFT_ASSET_SYMBOL_EXTENSIONS = YES;
				CLANG_ANALYZER_NONNULL = YES;
				CLANG_ANALYZER_NUMBER_OBJECT_CONVERSION = YES_AGGRESSIVE;
				CLANG_CXX_LANGUAGE_STANDARD = "gnu++20";
				CLANG_ENABLE_MODULES = YES;
				CLANG_ENABLE_OBJC_ARC = YES;
				CLANG_ENABLE_OBJC_WEAK = YES;
				CLANG_WARN_BLOCK_CAPTURE_AUTORELEASING = YES;
				CLANG_WARN_BOOL_CONVERSION = YES;
				CLANG_WARN_COMMA = YES;
				CLANG_WARN_CONSTANT_CONVERSION = YES;
				CLANG_WARN_DEPRECATED_OBJC_IMPLEMENTATIONS = YES;
				CLANG_WARN_DIRECT_OBJC_ISA_USAGE = YES_ERROR;
				CLANG_WARN_DOCUMENTATION_COMMENTS = YES;
				CLANG_WARN_EMPTY_BODY = YES;
				CLANG_WARN_ENUM_CONVERSION = YES;
				CLANG_WARN_INFINITE_RECURSION = YES;
				CLANG_WARN_INT_CONVERSION = YES;
				CLANG_WARN_NON_LITERAL_NULL_CONVERSION = YES;
				CLANG_WARN_OBJC_IMPLICIT_RETAIN_SELF = YES;
				CLANG_WARN_OBJC_LITERAL_CONVERSION = YES;
				CLANG_WARN_OBJC_ROOT_CLASS = YES_ERROR;
				CLANG_WARN_QUOTED_INCLUDE_IN_FRAMEWORK_HEADER = YES;
				CLANG_WARN_RANGE_LOOP_ANALYSIS = YES;
				CLANG_WARN_STRICT_PROTOTYPES = YES;
				CLANG_WARN_SUSPICIOUS_MOVE = YES;
				CLANG_WARN_UNGUARDED_AVAILABILITY = YES_AGGRESSIVE;
				CLANG_WARN_UNREACHABLE_CODE = YES;
				CLANG_WARN__DUPLICATE_METHOD_MATCH = YES;
				COPY_PHASE_STRIP = NO;
				DEBUG_INFORMATION_FORMAT = dwarf;
				ENABLE_STRICT_OBJC_MSGSEND = YES;
				ENABLE_TESTABILITY = YES;
				ENABLE_USER_SCRIPT_SANDBOXING = YES;
				GCC_C_LANGUAGE_STANDARD = gnu17;
				GCC_DYNAMIC_NO_PIC = NO;
				GCC_NO_COMMON_BLOCKS = YES;
				GCC_OPTIMIZATION_LEVEL = 0;
				GCC_PREPROCESSOR_DEFINITIONS = (
					"DEBUG=1",
					"$(inherited)",
				);
				GCC_WARN_64_TO_32_BIT_CONVERSION = YES;
				GCC_WARN_ABOUT_RETURN_TYPE = YES_ERROR;
				GCC_WARN_UNDECLARED_SELECTOR = YES;
				GCC_WARN_UNINITIALIZED_AUTOS = YES_AGGRESSIVE;
				GCC_WARN_UNUSED_FUNCTION = YES;
				GCC_WARN_UNUSED_VARIABLE = YES;
				IPHONEOS_DEPLOYMENT_TARGET = 17.0;
				LOCALIZATION_PREFERS_STRING_CATALOGS = YES;
				MTL_ENABLE_DEBUG_INFO = INCLUDE_SOURCE;
				MTL_FAST_MATH = YES;
				ONLY_ACTIVE_ARCH = YES;
				SDKROOT = iphoneos;
				SWIFT_ACTIVE_COMPILATION_CONDITIONS = "DEBUG $(inherited)";
				SWIFT_OPTIMIZATION_LEVEL = "-Onone";
			};
			name = Debug;
		};
		7534843C2A4E54EE002F6B21 /* Release */ = {
			isa = XCBuildConfiguration;
			buildSettings = {
				ALWAYS_SEARCH_USER_PATHS = NO;
				ASSETCATALOG_COMPILER_GENERATE_SWIFT_ASSET_SYMBOL_EXTENSIONS = YES;
				CLANG_ANALYZER_NONNULL = YES;
				CLANG_ANALYZER_NUMBER_OBJECT_CONVERSION = YES_AGGRESSIVE;
				CLANG_CXX_LANGUAGE_STANDARD = "gnu++20";
				CLANG_ENABLE_MODULES = YES;
				CLANG_ENABLE_OBJC_ARC = YES;
				CLANG_ENABLE_OBJC_WEAK = YES;
				CLANG_WARN_BLOCK_CAPTURE_AUTORELEASING = YES;
				CLANG_WARN_BOOL_CONVERSION = YES;
				CLANG_WARN_COMMA = YES;
				CLANG_WARN_CONSTANT_CONVERSION = YES;
				CLANG_WARN_DEPRECATED_OBJC_IMPLEMENTATIONS = YES;
				CLANG_WARN_DIRECT_OBJC_ISA_USAGE = YES_ERROR;
				CLANG_WARN_DOCUMENTATION_COMMENTS = YES;
				CLANG_WARN_EMPTY_BODY = YES;
				CLANG_WARN_ENUM_CONVERSION = YES;
				CLANG_WARN_INFINITE_RECURSION = YES;
				CLANG_WARN_INT_CONVERSION = YES;
				CLANG_WARN_NON_LITERAL_NULL_CONVERSION = YES;
				CLANG_WARN_OBJC_IMPLICIT_RETAIN_SELF = YES;
				CLANG_WARN_OBJC_LITERAL_CONVERSION = YES;
				CLANG_WARN_OBJC_ROOT_CLASS = YES_ERROR;
				CLANG_WARN_QUOTED_INCLUDE_IN_FRAMEWORK_HEADER = YES;
				CLANG_WARN_RANGE_LOOP_ANALYSIS = YES;
				CLANG_WARN_STRICT_PROTOTYPES = YES;
				CLANG_WARN_SUSPICIOUS_MOVE = YES;
				CLANG_WARN_UNGUARDED_AVAILABILITY = YES_AGGRESSIVE;
				CLANG_WARN_UNREACHABLE_CODE = YES;
				CLANG_WARN__DUPLICATE_METHOD_MATCH = YES;
				COPY_PHASE_STRIP = NO;
				DEBUG_INFORMATION_FORMAT = "dwarf-with-dsym";
				ENABLE_NS_ASSERTIONS = NO;
				ENABLE_STRICT_OBJC_MSGSEND = YES;
				ENABLE_USER_SCRIPT_SANDBOXING = YES;
				GCC_C_LANGUAGE_STANDARD = gnu17;
				GCC_NO_COMMON_BLOCKS = YES;
				GCC_WARN_64_TO_32_BIT_CONVERSION = YES;
				GCC_WARN_ABOUT_RETURN_TYPE = YES_ERROR;
				GCC_WARN_UNDECLARED_SELECTOR = YES;
				GCC_WARN_UNINITIALIZED_AUTOS = YES_AGGRESSIVE;
				GCC_WARN_UNUSED_FUNCTION = YES;
				GCC_WARN_UNUSED_VARIABLE = YES;
				IPHONEOS_DEPLOYMENT_TARGET = 17.0;
				LOCALIZATION_PREFERS_STRING_CATALOGS = YES;
				MTL_ENABLE_DEBUG_INFO = NO;
				MTL_FAST_MATH = YES;
				SDKROOT = iphoneos;
				SWIFT_COMPILATION_MODE = wholemodule;
				VALIDATE_PRODUCT = YES;
			};
			name = Release;
		};
		7534843E2A4E54EE002F6B21 /* Debug */ = {
			isa = XCBuildConfiguration;
			buildSettings = {
				ASSETCATALOG_COMPILER_APPICON_NAME = AppIcon;
				ASSETCATALOG_COMPILER_GLOBAL_ACCENT_COLOR_NAME = AccentColor;
				CODE_SIGN_STYLE = Automatic;
				CURRENT_PROJECT_VERSION = 1;
				DEVELOPMENT_ASSET_PATHS = "\"UI Test Runner App/Preview Content\"";
				ENABLE_PREVIEWS = YES;
				GENERATE_INFOPLIST_FILE = YES;
				INFOPLIST_KEY_UIApplicationSceneManifest_Generation = YES;
				INFOPLIST_KEY_UIApplicationSupportsIndirectInputEvents = YES;
				INFOPLIST_KEY_UILaunchScreen_Generation = YES;
				INFOPLIST_KEY_UISupportedInterfaceOrientations_iPad = "UIInterfaceOrientationPortrait UIInterfaceOrientationPortraitUpsideDown UIInterfaceOrientationLandscapeLeft UIInterfaceOrientationLandscapeRight";
				INFOPLIST_KEY_UISupportedInterfaceOrientations_iPhone = "UIInterfaceOrientationPortrait UIInterfaceOrientationLandscapeLeft UIInterfaceOrientationLandscapeRight";
				LD_RUNPATH_SEARCH_PATHS = (
					"$(inherited)",
					"@executable_path/Frameworks",
				);
				MARKETING_VERSION = 1.0;
				PRODUCT_BUNDLE_IDENTIFIER = "com.esri.arcgis-swift-sdk-toolkit-ui-test-runner.UI-Test-Runner";
				PRODUCT_NAME = "$(TARGET_NAME)";
				SWIFT_EMIT_LOC_STRINGS = YES;
				SWIFT_VERSION = 5.0;
				TARGETED_DEVICE_FAMILY = "1,2";
			};
			name = Debug;
		};
		7534843F2A4E54EE002F6B21 /* Release */ = {
			isa = XCBuildConfiguration;
			buildSettings = {
				ASSETCATALOG_COMPILER_APPICON_NAME = AppIcon;
				ASSETCATALOG_COMPILER_GLOBAL_ACCENT_COLOR_NAME = AccentColor;
				CODE_SIGN_STYLE = Automatic;
				CURRENT_PROJECT_VERSION = 1;
				DEVELOPMENT_ASSET_PATHS = "\"UI Test Runner App/Preview Content\"";
				ENABLE_PREVIEWS = YES;
				GENERATE_INFOPLIST_FILE = YES;
				INFOPLIST_KEY_UIApplicationSceneManifest_Generation = YES;
				INFOPLIST_KEY_UIApplicationSupportsIndirectInputEvents = YES;
				INFOPLIST_KEY_UILaunchScreen_Generation = YES;
				INFOPLIST_KEY_UISupportedInterfaceOrientations_iPad = "UIInterfaceOrientationPortrait UIInterfaceOrientationPortraitUpsideDown UIInterfaceOrientationLandscapeLeft UIInterfaceOrientationLandscapeRight";
				INFOPLIST_KEY_UISupportedInterfaceOrientations_iPhone = "UIInterfaceOrientationPortrait UIInterfaceOrientationLandscapeLeft UIInterfaceOrientationLandscapeRight";
				LD_RUNPATH_SEARCH_PATHS = (
					"$(inherited)",
					"@executable_path/Frameworks",
				);
				MARKETING_VERSION = 1.0;
				PRODUCT_BUNDLE_IDENTIFIER = "com.esri.arcgis-swift-sdk-toolkit-ui-test-runner.UI-Test-Runner";
				PRODUCT_NAME = "$(TARGET_NAME)";
				SWIFT_EMIT_LOC_STRINGS = YES;
				SWIFT_VERSION = 5.0;
				TARGETED_DEVICE_FAMILY = "1,2";
			};
			name = Release;
		};
		753484442A4E54EE002F6B21 /* Debug */ = {
			isa = XCBuildConfiguration;
			buildSettings = {
				ALWAYS_EMBED_SWIFT_STANDARD_LIBRARIES = YES;
				CODE_SIGN_STYLE = Automatic;
				CURRENT_PROJECT_VERSION = 1;
				GENERATE_INFOPLIST_FILE = YES;
				MARKETING_VERSION = 1.0;
				PRODUCT_BUNDLE_IDENTIFIER = "com.esri.arcgis-swift-sdk-toolkit-ui-test-runner.UI-Test-RunnerUITests";
				PRODUCT_NAME = "$(TARGET_NAME)";
				SWIFT_EMIT_LOC_STRINGS = NO;
				SWIFT_VERSION = 5.0;
				TARGETED_DEVICE_FAMILY = "1,2";
				TEST_TARGET_NAME = "UI Test Runner";
			};
			name = Debug;
		};
		753484452A4E54EE002F6B21 /* Release */ = {
			isa = XCBuildConfiguration;
			buildSettings = {
				ALWAYS_EMBED_SWIFT_STANDARD_LIBRARIES = YES;
				CODE_SIGN_STYLE = Automatic;
				CURRENT_PROJECT_VERSION = 1;
				GENERATE_INFOPLIST_FILE = YES;
				MARKETING_VERSION = 1.0;
				PRODUCT_BUNDLE_IDENTIFIER = "com.esri.arcgis-swift-sdk-toolkit-ui-test-runner.UI-Test-RunnerUITests";
				PRODUCT_NAME = "$(TARGET_NAME)";
				SWIFT_EMIT_LOC_STRINGS = NO;
				SWIFT_VERSION = 5.0;
				TARGETED_DEVICE_FAMILY = "1,2";
				TEST_TARGET_NAME = "UI Test Runner";
			};
			name = Release;
		};
/* End XCBuildConfiguration section */

/* Begin XCConfigurationList section */
		753484142A4E54EC002F6B21 /* Build configuration list for PBXProject "UI Test Runner" */ = {
			isa = XCConfigurationList;
			buildConfigurations = (
				7534843B2A4E54EE002F6B21 /* Debug */,
				7534843C2A4E54EE002F6B21 /* Release */,
			);
			defaultConfigurationIsVisible = 0;
			defaultConfigurationName = Release;
		};
		7534843D2A4E54EE002F6B21 /* Build configuration list for PBXNativeTarget "UI Test Runner" */ = {
			isa = XCConfigurationList;
			buildConfigurations = (
				7534843E2A4E54EE002F6B21 /* Debug */,
				7534843F2A4E54EE002F6B21 /* Release */,
			);
			defaultConfigurationIsVisible = 0;
			defaultConfigurationName = Release;
		};
		753484432A4E54EE002F6B21 /* Build configuration list for PBXNativeTarget "UI Test RunnerUITests" */ = {
			isa = XCConfigurationList;
			buildConfigurations = (
				753484442A4E54EE002F6B21 /* Debug */,
				753484452A4E54EE002F6B21 /* Release */,
			);
			defaultConfigurationIsVisible = 0;
			defaultConfigurationName = Release;
		};
/* End XCConfigurationList section */

/* Begin XCLocalSwiftPackageReference section */
		753484462A4E5800002F6B21 /* XCLocalSwiftPackageReference ".." */ = {
			isa = XCLocalSwiftPackageReference;
			relativePath = ..;
		};
/* End XCLocalSwiftPackageReference section */

/* Begin XCSwiftPackageProductDependency section */
		753484472A4E5800002F6B21 /* ArcGISToolkit */ = {
			isa = XCSwiftPackageProductDependency;
			productName = ArcGISToolkit;
		};
/* End XCSwiftPackageProductDependency section */
	};
	rootObject = 753484112A4E54EC002F6B21 /* Project object */;
}
